{
  "object": {
    "pins": [
      {
        "package": "PixelColor",
        "repositoryURL": "https://github.com/heestand-xyz/PixelColor",
        "state": {
          "branch": null,
          "revision": "f2408f208c541a3463ced1a288235683dcf73ca8",
          "version": "1.2.2"
        }
      },
      {
        "package": "RenderKit",
        "repositoryURL": "https://github.com/heestand-xyz/RenderKit",
        "state": {
          "branch": null,
          "revision": "91a124bc0f40bb2a80358247ebd37a19d62c10e3",
          "version": "1.0.3"
        }
      },
      {
        "package": "Resolution",
        "repositoryURL": "https://github.com/heestand-xyz/Resolution",
        "state": {
          "branch": null,
          "revision": "6bfdb68f12165876ec7563b931e43d3dfbb3c953",
          "version": "1.0.3"
        }
      }
    ]
  },
  "version": 1
}
