{
  "object": {
    "pins": [
      {
        "package": "PixelColor",
        "repositoryURL": "https://github.com/heestand-xyz/PixelColor",
        "state": {
          "branch": null,
          "revision": "f2408f208c541a3463ced1a288235683dcf73ca8",
          "version": "1.2.2"
        }
      },
      {
        "package": "RenderKit",
        "repositoryURL": "https://github.com/heestand-xyz/RenderKit",
        "state": {
          "branch": null,
          "revision": "e482aaf00752dc953c69d7fd63b8e809cdb78605",
          "version": "1.0.0"
        }
      },
      {
        "package": "Resolution",
        "repositoryURL": "https://github.com/heestand-xyz/Resolution",
        "state": {
          "branch": null,
          "revision": "587be77040ec27fd0eb903ae189cd3b89518eea4",
          "version": "1.0.2"
        }
      }
    ]
  },
  "version": 1
}
