{
  "object": {
    "pins": [
      {
        "package": "LiveValues",
        "repositoryURL": "https://github.com/hexagons/LiveValues.git",
        "state": {
          "branch": null,
          "revision": "e50506d53aae285cc09972ddfb1521b846ed0f14",
          "version": "1.2.1"
        }
      },
      {
        "package": "RenderKit",
        "repositoryURL": "https://github.com/hexagons/RenderKit.git",
        "state": {
          "branch": null,
          "revision": "3ab007c99a55eea34e3682a46214eff2c2f5a513",
          "version": "0.4.10"
        }
      }
    ]
  },
  "version": 1
}
