// !$*UTF8*$!
{
	archiveVersion = 1;
	classes = {
	};
	objectVersion = 50;
	objects = {

/* Begin PBXBuildFile section */
		3A01568C2334FB390002B2D9 /* ContentGeneratorArcPIX.metal in Sources */ = {isa = PBXBuildFile; fileRef = 3A7C22802285B4640096F53C /* ContentGeneratorArcPIX.metal */; };
		3A01568D2334FB390002B2D9 /* ContentGeneratorCirclePIX.metal in Sources */ = {isa = PBXBuildFile; fileRef = 3A7C22952285B4650096F53C /* ContentGeneratorCirclePIX.metal */; };
		3A01568E2334FB390002B2D9 /* ContentGeneratorColorPIX.metal in Sources */ = {isa = PBXBuildFile; fileRef = 3A7C22762285B4640096F53C /* ContentGeneratorColorPIX.metal */; };
		3A01568F2334FB390002B2D9 /* ContentGeneratorGradientPIX.metal in Sources */ = {isa = PBXBuildFile; fileRef = 3A7C226F2285B4640096F53C /* ContentGeneratorGradientPIX.metal */; };
		3A0156902334FB390002B2D9 /* ContentGeneratorLinePIX.metal in Sources */ = {isa = PBXBuildFile; fileRef = 3A7C22792285B4640096F53C /* ContentGeneratorLinePIX.metal */; };
		3A0156912334FB390002B2D9 /* ContentGeneratorNoisePIX.metal in Sources */ = {isa = PBXBuildFile; fileRef = 3A7C22932285B4650096F53C /* ContentGeneratorNoisePIX.metal */; };
		3A0156922334FB390002B2D9 /* ContentGeneratorPolygonPIX.metal in Sources */ = {isa = PBXBuildFile; fileRef = 3A7C22742285B4640096F53C /* ContentGeneratorPolygonPIX.metal */; };
		3A0156932334FB390002B2D9 /* ContentGeneratorRectanglePIX.metal in Sources */ = {isa = PBXBuildFile; fileRef = 3A7C229A2285B4650096F53C /* ContentGeneratorRectanglePIX.metal */; };
		3A0156942334FB390002B2D9 /* ContentResourceBGRPIX.metal in Sources */ = {isa = PBXBuildFile; fileRef = 3A7C227C2285B4640096F53C /* ContentResourceBGRPIX.metal */; };
		3A0156952334FB390002B2D9 /* ContentResourceCameraPIX.metal in Sources */ = {isa = PBXBuildFile; fileRef = 3A7C22722285B4640096F53C /* ContentResourceCameraPIX.metal */; };
		3A0156962334FB390002B2D9 /* ContentResourceFlipPIX.metal in Sources */ = {isa = PBXBuildFile; fileRef = 3A7C22992285B4650096F53C /* ContentResourceFlipPIX.metal */; };
		3A0156972334FB390002B2D9 /* ContentResourcePIX.metal in Sources */ = {isa = PBXBuildFile; fileRef = 3A7C22732285B4640096F53C /* ContentResourcePIX.metal */; };
		3A0156982334FB390002B2D9 /* EffectMergerBlendPIX.metal in Sources */ = {isa = PBXBuildFile; fileRef = 3A7C22972285B4650096F53C /* EffectMergerBlendPIX.metal */; };
		3A0156992334FB390002B2D9 /* EffectMergerCrossPIX.metal in Sources */ = {isa = PBXBuildFile; fileRef = 3A7C228F2285B4650096F53C /* EffectMergerCrossPIX.metal */; };
		3A01569A2334FB390002B2D9 /* EffectMergerDisplacePIX.metal in Sources */ = {isa = PBXBuildFile; fileRef = 3A7C22852285B4640096F53C /* EffectMergerDisplacePIX.metal */; };
		3A01569B2334FB390002B2D9 /* EffectMergerLookupPIX.metal in Sources */ = {isa = PBXBuildFile; fileRef = 3A7C22962285B4650096F53C /* EffectMergerLookupPIX.metal */; };
		3A01569C2334FB390002B2D9 /* EffectMergerLumaBlurPIX.metal in Sources */ = {isa = PBXBuildFile; fileRef = 3A7C226D2285B4640096F53C /* EffectMergerLumaBlurPIX.metal */; };
		3A01569D2334FB390002B2D9 /* EffectMergerLumaLevelsPIX.metal in Sources */ = {isa = PBXBuildFile; fileRef = 3A6A1D902296BDF6001BB134 /* EffectMergerLumaLevelsPIX.metal */; };
		3A01569E2334FB390002B2D9 /* EffectMergerRemapPIX.metal in Sources */ = {isa = PBXBuildFile; fileRef = 3A7C22872285B4650096F53C /* EffectMergerRemapPIX.metal */; };
		3A01569F2334FB390002B2D9 /* EffectMergerReorderPIX.metal in Sources */ = {isa = PBXBuildFile; fileRef = 3A7C227E2285B4640096F53C /* EffectMergerReorderPIX.metal */; };
		3A0156A02334FB390002B2D9 /* EffectMergerTimeMachinePIX.metal in Sources */ = {isa = PBXBuildFile; fileRef = 3A7C226E2285B4640096F53C /* EffectMergerTimeMachinePIX.metal */; };
		3A0156A12334FB390002B2D9 /* EffectMultiArrayPIX.metal in Sources */ = {isa = PBXBuildFile; fileRef = 3A7C22752285B4640096F53C /* EffectMultiArrayPIX.metal */; };
		3A0156A22334FB390002B2D9 /* EffectMultiBlendsPIX.metal in Sources */ = {isa = PBXBuildFile; fileRef = 3A7C22882285B4650096F53C /* EffectMultiBlendsPIX.metal */; };
		3A0156A32334FB390002B2D9 /* EffectSingleBlurPIX.metal in Sources */ = {isa = PBXBuildFile; fileRef = 3A7C22942285B4650096F53C /* EffectSingleBlurPIX.metal */; };
		3A0156A42334FB390002B2D9 /* EffectSingleChannelMixPIX.metal in Sources */ = {isa = PBXBuildFile; fileRef = 3A7C226A2285B4640096F53C /* EffectSingleChannelMixPIX.metal */; };
		3A0156A52334FB390002B2D9 /* EffectSingleChromaKeyPIX.metal in Sources */ = {isa = PBXBuildFile; fileRef = 3A7C229B2285B4660096F53C /* EffectSingleChromaKeyPIX.metal */; };
		3A0156A62334FB390002B2D9 /* EffectSingleClampPIX.metal in Sources */ = {isa = PBXBuildFile; fileRef = 3A7C228E2285B4650096F53C /* EffectSingleClampPIX.metal */; };
		3A0156A72334FB390002B2D9 /* EffectSingleConvertPIX.metal in Sources */ = {isa = PBXBuildFile; fileRef = 3A7C22712285B4640096F53C /* EffectSingleConvertPIX.metal */; };
		3A0156A82334FB390002B2D9 /* EffectSingleCropPIX.metal in Sources */ = {isa = PBXBuildFile; fileRef = 3A7C22832285B4640096F53C /* EffectSingleCropPIX.metal */; };
		3A0156A92334FB390002B2D9 /* EffectSingleEdgePIX.metal in Sources */ = {isa = PBXBuildFile; fileRef = 3A7C228D2285B4650096F53C /* EffectSingleEdgePIX.metal */; };
		3A0156AA2334FB390002B2D9 /* EffectSingleFlarePIX.metal in Sources */ = {isa = PBXBuildFile; fileRef = 3A7C227D2285B4640096F53C /* EffectSingleFlarePIX.metal */; };
		3A0156AB2334FB390002B2D9 /* EffectSingleFlipFlopPIX.metal in Sources */ = {isa = PBXBuildFile; fileRef = 3A7C22922285B4650096F53C /* EffectSingleFlipFlopPIX.metal */; };
		3A0156AC2334FB390002B2D9 /* EffectSingleColorShiftPIX.metal in Sources */ = {isa = PBXBuildFile; fileRef = 3A7C22812285B4640096F53C /* EffectSingleColorShiftPIX.metal */; };
		3A0156AD2334FB390002B2D9 /* EffectSingleKaleidoscopePIX.metal in Sources */ = {isa = PBXBuildFile; fileRef = 3A7C227B2285B4640096F53C /* EffectSingleKaleidoscopePIX.metal */; };
		3A0156AE2334FB390002B2D9 /* EffectSingleLevelsPIX.metal in Sources */ = {isa = PBXBuildFile; fileRef = 3A7C227F2285B4640096F53C /* EffectSingleLevelsPIX.metal */; };
		3A0156AF2334FB390002B2D9 /* EffectSingleQuantizePIX.metal in Sources */ = {isa = PBXBuildFile; fileRef = 3A7C22702285B4640096F53C /* EffectSingleQuantizePIX.metal */; };
		3A0156B02334FB390002B2D9 /* EffectSingleRangePIX.metal in Sources */ = {isa = PBXBuildFile; fileRef = 3A7C22672285B4640096F53C /* EffectSingleRangePIX.metal */; };
		3A0156B12334FB390002B2D9 /* EffectSingleResPIX.metal in Sources */ = {isa = PBXBuildFile; fileRef = 3A7C228C2285B4650096F53C /* EffectSingleResPIX.metal */; };
		3A0156B22334FB390002B2D9 /* EffectSingleSepiaPIX.metal in Sources */ = {isa = PBXBuildFile; fileRef = 3A7C22982285B4650096F53C /* EffectSingleSepiaPIX.metal */; };
		3A0156B32334FB390002B2D9 /* EffectSingleSharpenPIX.metal in Sources */ = {isa = PBXBuildFile; fileRef = 3A7C226B2285B4640096F53C /* EffectSingleSharpenPIX.metal */; };
		3A0156B42334FB390002B2D9 /* EffectSingleSlopePIX.metal in Sources */ = {isa = PBXBuildFile; fileRef = 3A7C227A2285B4640096F53C /* EffectSingleSlopePIX.metal */; };
		3A0156B52334FB390002B2D9 /* EffectSingleThresholdPIX.metal in Sources */ = {isa = PBXBuildFile; fileRef = 3A7C228B2285B4650096F53C /* EffectSingleThresholdPIX.metal */; };
		3A0156B62334FB390002B2D9 /* EffectSingleTransformPIX.metal in Sources */ = {isa = PBXBuildFile; fileRef = 3A7C22772285B4640096F53C /* EffectSingleTransformPIX.metal */; };
		3A0156B72334FB390002B2D9 /* EffectSingleTwirlPIX.metal in Sources */ = {isa = PBXBuildFile; fileRef = 3A7C22782285B4640096F53C /* EffectSingleTwirlPIX.metal */; };
		3A0156C12334FB390002B2D9 /* SpritePIX.metal in Sources */ = {isa = PBXBuildFile; fileRef = 3A7C22892285B4650096F53C /* SpritePIX.metal */; };
		3A0156C22334FB390002B2D9 /* TemplatePIX.metal in Sources */ = {isa = PBXBuildFile; fileRef = 74F39A92232E700400E3565C /* TemplatePIX.metal */; };
		3A07AB092344A11D00D3F0CE /* QuadVTX.metal in Sources */ = {isa = PBXBuildFile; fileRef = 3A07AAFA2344A11D00D3F0CE /* QuadVTX.metal */; };
		3A07AB0A2344A11D00D3F0CE /* QuadVTX.metal in Sources */ = {isa = PBXBuildFile; fileRef = 3A07AAFA2344A11D00D3F0CE /* QuadVTX.metal */; };
		3A07AB0B2344A11D00D3F0CE /* QuadVTX.metal in Sources */ = {isa = PBXBuildFile; fileRef = 3A07AAFA2344A11D00D3F0CE /* QuadVTX.metal */; };
		3A07AB0C2344A11D00D3F0CE /* error.metal in Sources */ = {isa = PBXBuildFile; fileRef = 3A07AAFB2344A11D00D3F0CE /* error.metal */; };
		3A07AB0D2344A11D00D3F0CE /* error.metal in Sources */ = {isa = PBXBuildFile; fileRef = 3A07AAFB2344A11D00D3F0CE /* error.metal */; };
		3A07AB0E2344A11D00D3F0CE /* error.metal in Sources */ = {isa = PBXBuildFile; fileRef = 3A07AAFB2344A11D00D3F0CE /* error.metal */; };
		3A07AB0F2344A11D00D3F0CE /* noise.metal in Sources */ = {isa = PBXBuildFile; fileRef = 3A07AAFD2344A11D00D3F0CE /* noise.metal */; };
		3A07AB102344A11D00D3F0CE /* noise.metal in Sources */ = {isa = PBXBuildFile; fileRef = 3A07AAFD2344A11D00D3F0CE /* noise.metal */; };
		3A07AB112344A11D00D3F0CE /* noise.metal in Sources */ = {isa = PBXBuildFile; fileRef = 3A07AAFD2344A11D00D3F0CE /* noise.metal */; };
		3A07AB122344A11D00D3F0CE /* random_header.metal in Sources */ = {isa = PBXBuildFile; fileRef = 3A07AAFE2344A11D00D3F0CE /* random_header.metal */; };
		3A07AB132344A11D00D3F0CE /* random_header.metal in Sources */ = {isa = PBXBuildFile; fileRef = 3A07AAFE2344A11D00D3F0CE /* random_header.metal */; };
		3A07AB142344A11D00D3F0CE /* random_header.metal in Sources */ = {isa = PBXBuildFile; fileRef = 3A07AAFE2344A11D00D3F0CE /* random_header.metal */; };
		3A07AB152344A11D00D3F0CE /* random.metal in Sources */ = {isa = PBXBuildFile; fileRef = 3A07AAFF2344A11D00D3F0CE /* random.metal */; };
		3A07AB162344A11D00D3F0CE /* random.metal in Sources */ = {isa = PBXBuildFile; fileRef = 3A07AAFF2344A11D00D3F0CE /* random.metal */; };
		3A07AB172344A11D00D3F0CE /* random.metal in Sources */ = {isa = PBXBuildFile; fileRef = 3A07AAFF2344A11D00D3F0CE /* random.metal */; };
		3A07AB182344A11D00D3F0CE /* noise_header.metal in Sources */ = {isa = PBXBuildFile; fileRef = 3A07AB002344A11D00D3F0CE /* noise_header.metal */; };
		3A07AB192344A11D00D3F0CE /* noise_header.metal in Sources */ = {isa = PBXBuildFile; fileRef = 3A07AB002344A11D00D3F0CE /* noise_header.metal */; };
		3A07AB1A2344A11D00D3F0CE /* noise_header.metal in Sources */ = {isa = PBXBuildFile; fileRef = 3A07AB002344A11D00D3F0CE /* noise_header.metal */; };
		3A07AB1B2344A11D00D3F0CE /* hsv_header.metal in Sources */ = {isa = PBXBuildFile; fileRef = 3A07AB022344A11D00D3F0CE /* hsv_header.metal */; };
		3A07AB1C2344A11D00D3F0CE /* hsv_header.metal in Sources */ = {isa = PBXBuildFile; fileRef = 3A07AB022344A11D00D3F0CE /* hsv_header.metal */; };
		3A07AB1D2344A11D00D3F0CE /* hsv_header.metal in Sources */ = {isa = PBXBuildFile; fileRef = 3A07AB022344A11D00D3F0CE /* hsv_header.metal */; };
		3A07AB1E2344A11D00D3F0CE /* hsv.metal in Sources */ = {isa = PBXBuildFile; fileRef = 3A07AB032344A11D00D3F0CE /* hsv.metal */; };
		3A07AB1F2344A11D00D3F0CE /* hsv.metal in Sources */ = {isa = PBXBuildFile; fileRef = 3A07AB032344A11D00D3F0CE /* hsv.metal */; };
		3A07AB202344A11D00D3F0CE /* hsv.metal in Sources */ = {isa = PBXBuildFile; fileRef = 3A07AB032344A11D00D3F0CE /* hsv.metal */; };
		3A07AB262344A47D00D3F0CE /* gradient.metal in Sources */ = {isa = PBXBuildFile; fileRef = 3A07AB252344A47D00D3F0CE /* gradient.metal */; };
		3A07AB272344A47D00D3F0CE /* gradient.metal in Sources */ = {isa = PBXBuildFile; fileRef = 3A07AB252344A47D00D3F0CE /* gradient.metal */; };
		3A07AB282344A47D00D3F0CE /* gradient.metal in Sources */ = {isa = PBXBuildFile; fileRef = 3A07AB252344A47D00D3F0CE /* gradient.metal */; };
		3A07AB2A2344A72100D3F0CE /* gradient_header.metal in Sources */ = {isa = PBXBuildFile; fileRef = 3A07AB292344A72100D3F0CE /* gradient_header.metal */; };
		3A07AB2B2344A72100D3F0CE /* gradient_header.metal in Sources */ = {isa = PBXBuildFile; fileRef = 3A07AB292344A72100D3F0CE /* gradient_header.metal */; };
		3A07AB2C2344A72100D3F0CE /* gradient_header.metal in Sources */ = {isa = PBXBuildFile; fileRef = 3A07AB292344A72100D3F0CE /* gradient_header.metal */; };
		3A07AB372344CBE200D3F0CE /* NilPIX.metal in Sources */ = {isa = PBXBuildFile; fileRef = 3A07AB362344CBE200D3F0CE /* NilPIX.metal */; };
		3A07AB382344CBE200D3F0CE /* NilPIX.metal in Sources */ = {isa = PBXBuildFile; fileRef = 3A07AB362344CBE200D3F0CE /* NilPIX.metal */; };
		3A07AB392344CBE200D3F0CE /* NilPIX.metal in Sources */ = {isa = PBXBuildFile; fileRef = 3A07AB362344CBE200D3F0CE /* NilPIX.metal */; };
		3A3A467C23DAE523008AF36F /* EffectSingleColorConvertPIX.metal in Sources */ = {isa = PBXBuildFile; fileRef = 3A3A467B23DAE523008AF36F /* EffectSingleColorConvertPIX.metal */; };
		3A3A467D23DAE523008AF36F /* EffectSingleColorConvertPIX.metal in Sources */ = {isa = PBXBuildFile; fileRef = 3A3A467B23DAE523008AF36F /* EffectSingleColorConvertPIX.metal */; };
		3A3A467E23DAE523008AF36F /* EffectSingleColorConvertPIX.metal in Sources */ = {isa = PBXBuildFile; fileRef = 3A3A467B23DAE523008AF36F /* EffectSingleColorConvertPIX.metal */; };
		3A3DAB7823D996EF007358A1 /* ContentResourceRedToWhitePIX.metal in Sources */ = {isa = PBXBuildFile; fileRef = 3A3DAB7723D996EF007358A1 /* ContentResourceRedToWhitePIX.metal */; };
		3A3DAB7923D996EF007358A1 /* ContentResourceRedToWhitePIX.metal in Sources */ = {isa = PBXBuildFile; fileRef = 3A3DAB7723D996EF007358A1 /* ContentResourceRedToWhitePIX.metal */; };
		3A3DAB7A23D996EF007358A1 /* ContentResourceRedToWhitePIX.metal in Sources */ = {isa = PBXBuildFile; fileRef = 3A3DAB7723D996EF007358A1 /* ContentResourceRedToWhitePIX.metal */; };
		3A6A1D912296BDF6001BB134 /* EffectMergerLumaLevelsPIX.metal in Sources */ = {isa = PBXBuildFile; fileRef = 3A6A1D902296BDF6001BB134 /* EffectMergerLumaLevelsPIX.metal */; };
		3A6A1D922296BDF6001BB134 /* EffectMergerLumaLevelsPIX.metal in Sources */ = {isa = PBXBuildFile; fileRef = 3A6A1D902296BDF6001BB134 /* EffectMergerLumaLevelsPIX.metal */; };
		3A7C229C2285B4660096F53C /* EffectSingleRangePIX.metal in Sources */ = {isa = PBXBuildFile; fileRef = 3A7C22672285B4640096F53C /* EffectSingleRangePIX.metal */; };
		3A7C229D2285B4660096F53C /* EffectSingleRangePIX.metal in Sources */ = {isa = PBXBuildFile; fileRef = 3A7C22672285B4640096F53C /* EffectSingleRangePIX.metal */; };
		3A7C22A22285B4660096F53C /* EffectSingleChannelMixPIX.metal in Sources */ = {isa = PBXBuildFile; fileRef = 3A7C226A2285B4640096F53C /* EffectSingleChannelMixPIX.metal */; };
		3A7C22A32285B4660096F53C /* EffectSingleChannelMixPIX.metal in Sources */ = {isa = PBXBuildFile; fileRef = 3A7C226A2285B4640096F53C /* EffectSingleChannelMixPIX.metal */; };
		3A7C22A42285B4660096F53C /* EffectSingleSharpenPIX.metal in Sources */ = {isa = PBXBuildFile; fileRef = 3A7C226B2285B4640096F53C /* EffectSingleSharpenPIX.metal */; };
		3A7C22A52285B4660096F53C /* EffectSingleSharpenPIX.metal in Sources */ = {isa = PBXBuildFile; fileRef = 3A7C226B2285B4640096F53C /* EffectSingleSharpenPIX.metal */; };
		3A7C22A82285B4660096F53C /* EffectMergerLumaBlurPIX.metal in Sources */ = {isa = PBXBuildFile; fileRef = 3A7C226D2285B4640096F53C /* EffectMergerLumaBlurPIX.metal */; };
		3A7C22A92285B4660096F53C /* EffectMergerLumaBlurPIX.metal in Sources */ = {isa = PBXBuildFile; fileRef = 3A7C226D2285B4640096F53C /* EffectMergerLumaBlurPIX.metal */; };
		3A7C22AA2285B4660096F53C /* EffectMergerTimeMachinePIX.metal in Sources */ = {isa = PBXBuildFile; fileRef = 3A7C226E2285B4640096F53C /* EffectMergerTimeMachinePIX.metal */; };
		3A7C22AB2285B4660096F53C /* EffectMergerTimeMachinePIX.metal in Sources */ = {isa = PBXBuildFile; fileRef = 3A7C226E2285B4640096F53C /* EffectMergerTimeMachinePIX.metal */; };
		3A7C22AC2285B4660096F53C /* ContentGeneratorGradientPIX.metal in Sources */ = {isa = PBXBuildFile; fileRef = 3A7C226F2285B4640096F53C /* ContentGeneratorGradientPIX.metal */; };
		3A7C22AD2285B4660096F53C /* ContentGeneratorGradientPIX.metal in Sources */ = {isa = PBXBuildFile; fileRef = 3A7C226F2285B4640096F53C /* ContentGeneratorGradientPIX.metal */; };
		3A7C22AE2285B4660096F53C /* EffectSingleQuantizePIX.metal in Sources */ = {isa = PBXBuildFile; fileRef = 3A7C22702285B4640096F53C /* EffectSingleQuantizePIX.metal */; };
		3A7C22AF2285B4660096F53C /* EffectSingleQuantizePIX.metal in Sources */ = {isa = PBXBuildFile; fileRef = 3A7C22702285B4640096F53C /* EffectSingleQuantizePIX.metal */; };
		3A7C22B02285B4660096F53C /* EffectSingleConvertPIX.metal in Sources */ = {isa = PBXBuildFile; fileRef = 3A7C22712285B4640096F53C /* EffectSingleConvertPIX.metal */; };
		3A7C22B12285B4660096F53C /* EffectSingleConvertPIX.metal in Sources */ = {isa = PBXBuildFile; fileRef = 3A7C22712285B4640096F53C /* EffectSingleConvertPIX.metal */; };
		3A7C22B22285B4660096F53C /* ContentResourceCameraPIX.metal in Sources */ = {isa = PBXBuildFile; fileRef = 3A7C22722285B4640096F53C /* ContentResourceCameraPIX.metal */; };
		3A7C22B32285B4660096F53C /* ContentResourceCameraPIX.metal in Sources */ = {isa = PBXBuildFile; fileRef = 3A7C22722285B4640096F53C /* ContentResourceCameraPIX.metal */; };
		3A7C22B42285B4660096F53C /* ContentResourcePIX.metal in Sources */ = {isa = PBXBuildFile; fileRef = 3A7C22732285B4640096F53C /* ContentResourcePIX.metal */; };
		3A7C22B52285B4660096F53C /* ContentResourcePIX.metal in Sources */ = {isa = PBXBuildFile; fileRef = 3A7C22732285B4640096F53C /* ContentResourcePIX.metal */; };
		3A7C22B62285B4660096F53C /* ContentGeneratorPolygonPIX.metal in Sources */ = {isa = PBXBuildFile; fileRef = 3A7C22742285B4640096F53C /* ContentGeneratorPolygonPIX.metal */; };
		3A7C22B72285B4660096F53C /* ContentGeneratorPolygonPIX.metal in Sources */ = {isa = PBXBuildFile; fileRef = 3A7C22742285B4640096F53C /* ContentGeneratorPolygonPIX.metal */; };
		3A7C22B82285B4660096F53C /* EffectMultiArrayPIX.metal in Sources */ = {isa = PBXBuildFile; fileRef = 3A7C22752285B4640096F53C /* EffectMultiArrayPIX.metal */; };
		3A7C22B92285B4660096F53C /* EffectMultiArrayPIX.metal in Sources */ = {isa = PBXBuildFile; fileRef = 3A7C22752285B4640096F53C /* EffectMultiArrayPIX.metal */; };
		3A7C22BA2285B4660096F53C /* ContentGeneratorColorPIX.metal in Sources */ = {isa = PBXBuildFile; fileRef = 3A7C22762285B4640096F53C /* ContentGeneratorColorPIX.metal */; };
		3A7C22BB2285B4660096F53C /* ContentGeneratorColorPIX.metal in Sources */ = {isa = PBXBuildFile; fileRef = 3A7C22762285B4640096F53C /* ContentGeneratorColorPIX.metal */; };
		3A7C22BC2285B4660096F53C /* EffectSingleTransformPIX.metal in Sources */ = {isa = PBXBuildFile; fileRef = 3A7C22772285B4640096F53C /* EffectSingleTransformPIX.metal */; };
		3A7C22BD2285B4660096F53C /* EffectSingleTransformPIX.metal in Sources */ = {isa = PBXBuildFile; fileRef = 3A7C22772285B4640096F53C /* EffectSingleTransformPIX.metal */; };
		3A7C22BE2285B4660096F53C /* EffectSingleTwirlPIX.metal in Sources */ = {isa = PBXBuildFile; fileRef = 3A7C22782285B4640096F53C /* EffectSingleTwirlPIX.metal */; };
		3A7C22BF2285B4660096F53C /* EffectSingleTwirlPIX.metal in Sources */ = {isa = PBXBuildFile; fileRef = 3A7C22782285B4640096F53C /* EffectSingleTwirlPIX.metal */; };
		3A7C22C02285B4660096F53C /* ContentGeneratorLinePIX.metal in Sources */ = {isa = PBXBuildFile; fileRef = 3A7C22792285B4640096F53C /* ContentGeneratorLinePIX.metal */; };
		3A7C22C12285B4660096F53C /* ContentGeneratorLinePIX.metal in Sources */ = {isa = PBXBuildFile; fileRef = 3A7C22792285B4640096F53C /* ContentGeneratorLinePIX.metal */; };
		3A7C22C22285B4660096F53C /* EffectSingleSlopePIX.metal in Sources */ = {isa = PBXBuildFile; fileRef = 3A7C227A2285B4640096F53C /* EffectSingleSlopePIX.metal */; };
		3A7C22C32285B4660096F53C /* EffectSingleSlopePIX.metal in Sources */ = {isa = PBXBuildFile; fileRef = 3A7C227A2285B4640096F53C /* EffectSingleSlopePIX.metal */; };
		3A7C22C42285B4660096F53C /* EffectSingleKaleidoscopePIX.metal in Sources */ = {isa = PBXBuildFile; fileRef = 3A7C227B2285B4640096F53C /* EffectSingleKaleidoscopePIX.metal */; };
		3A7C22C52285B4660096F53C /* EffectSingleKaleidoscopePIX.metal in Sources */ = {isa = PBXBuildFile; fileRef = 3A7C227B2285B4640096F53C /* EffectSingleKaleidoscopePIX.metal */; };
		3A7C22C62285B4660096F53C /* ContentResourceBGRPIX.metal in Sources */ = {isa = PBXBuildFile; fileRef = 3A7C227C2285B4640096F53C /* ContentResourceBGRPIX.metal */; };
		3A7C22C72285B4660096F53C /* ContentResourceBGRPIX.metal in Sources */ = {isa = PBXBuildFile; fileRef = 3A7C227C2285B4640096F53C /* ContentResourceBGRPIX.metal */; };
		3A7C22C82285B4660096F53C /* EffectSingleFlarePIX.metal in Sources */ = {isa = PBXBuildFile; fileRef = 3A7C227D2285B4640096F53C /* EffectSingleFlarePIX.metal */; };
		3A7C22C92285B4660096F53C /* EffectSingleFlarePIX.metal in Sources */ = {isa = PBXBuildFile; fileRef = 3A7C227D2285B4640096F53C /* EffectSingleFlarePIX.metal */; };
		3A7C22CA2285B4660096F53C /* EffectMergerReorderPIX.metal in Sources */ = {isa = PBXBuildFile; fileRef = 3A7C227E2285B4640096F53C /* EffectMergerReorderPIX.metal */; };
		3A7C22CB2285B4660096F53C /* EffectMergerReorderPIX.metal in Sources */ = {isa = PBXBuildFile; fileRef = 3A7C227E2285B4640096F53C /* EffectMergerReorderPIX.metal */; };
		3A7C22CC2285B4660096F53C /* EffectSingleLevelsPIX.metal in Sources */ = {isa = PBXBuildFile; fileRef = 3A7C227F2285B4640096F53C /* EffectSingleLevelsPIX.metal */; };
		3A7C22CD2285B4660096F53C /* EffectSingleLevelsPIX.metal in Sources */ = {isa = PBXBuildFile; fileRef = 3A7C227F2285B4640096F53C /* EffectSingleLevelsPIX.metal */; };
		3A7C22CE2285B4660096F53C /* ContentGeneratorArcPIX.metal in Sources */ = {isa = PBXBuildFile; fileRef = 3A7C22802285B4640096F53C /* ContentGeneratorArcPIX.metal */; };
		3A7C22CF2285B4660096F53C /* ContentGeneratorArcPIX.metal in Sources */ = {isa = PBXBuildFile; fileRef = 3A7C22802285B4640096F53C /* ContentGeneratorArcPIX.metal */; };
		3A7C22D02285B4660096F53C /* EffectSingleColorShiftPIX.metal in Sources */ = {isa = PBXBuildFile; fileRef = 3A7C22812285B4640096F53C /* EffectSingleColorShiftPIX.metal */; };
		3A7C22D12285B4660096F53C /* EffectSingleColorShiftPIX.metal in Sources */ = {isa = PBXBuildFile; fileRef = 3A7C22812285B4640096F53C /* EffectSingleColorShiftPIX.metal */; };
		3A7C22D42285B4660096F53C /* EffectSingleCropPIX.metal in Sources */ = {isa = PBXBuildFile; fileRef = 3A7C22832285B4640096F53C /* EffectSingleCropPIX.metal */; };
		3A7C22D52285B4660096F53C /* EffectSingleCropPIX.metal in Sources */ = {isa = PBXBuildFile; fileRef = 3A7C22832285B4640096F53C /* EffectSingleCropPIX.metal */; };
		3A7C22D82285B4660096F53C /* EffectMergerDisplacePIX.metal in Sources */ = {isa = PBXBuildFile; fileRef = 3A7C22852285B4640096F53C /* EffectMergerDisplacePIX.metal */; };
		3A7C22D92285B4660096F53C /* EffectMergerDisplacePIX.metal in Sources */ = {isa = PBXBuildFile; fileRef = 3A7C22852285B4640096F53C /* EffectMergerDisplacePIX.metal */; };
		3A7C22DC2285B4660096F53C /* EffectMergerRemapPIX.metal in Sources */ = {isa = PBXBuildFile; fileRef = 3A7C22872285B4650096F53C /* EffectMergerRemapPIX.metal */; };
		3A7C22DD2285B4660096F53C /* EffectMergerRemapPIX.metal in Sources */ = {isa = PBXBuildFile; fileRef = 3A7C22872285B4650096F53C /* EffectMergerRemapPIX.metal */; };
		3A7C22DE2285B4660096F53C /* EffectMultiBlendsPIX.metal in Sources */ = {isa = PBXBuildFile; fileRef = 3A7C22882285B4650096F53C /* EffectMultiBlendsPIX.metal */; };
		3A7C22DF2285B4660096F53C /* EffectMultiBlendsPIX.metal in Sources */ = {isa = PBXBuildFile; fileRef = 3A7C22882285B4650096F53C /* EffectMultiBlendsPIX.metal */; };
		3A7C22E02285B4660096F53C /* SpritePIX.metal in Sources */ = {isa = PBXBuildFile; fileRef = 3A7C22892285B4650096F53C /* SpritePIX.metal */; };
		3A7C22E12285B4660096F53C /* SpritePIX.metal in Sources */ = {isa = PBXBuildFile; fileRef = 3A7C22892285B4650096F53C /* SpritePIX.metal */; };
		3A7C22E42285B4660096F53C /* EffectSingleThresholdPIX.metal in Sources */ = {isa = PBXBuildFile; fileRef = 3A7C228B2285B4650096F53C /* EffectSingleThresholdPIX.metal */; };
		3A7C22E52285B4660096F53C /* EffectSingleThresholdPIX.metal in Sources */ = {isa = PBXBuildFile; fileRef = 3A7C228B2285B4650096F53C /* EffectSingleThresholdPIX.metal */; };
		3A7C22E62285B4660096F53C /* EffectSingleResPIX.metal in Sources */ = {isa = PBXBuildFile; fileRef = 3A7C228C2285B4650096F53C /* EffectSingleResPIX.metal */; };
		3A7C22E72285B4660096F53C /* EffectSingleResPIX.metal in Sources */ = {isa = PBXBuildFile; fileRef = 3A7C228C2285B4650096F53C /* EffectSingleResPIX.metal */; };
		3A7C22E82285B4660096F53C /* EffectSingleEdgePIX.metal in Sources */ = {isa = PBXBuildFile; fileRef = 3A7C228D2285B4650096F53C /* EffectSingleEdgePIX.metal */; };
		3A7C22E92285B4660096F53C /* EffectSingleEdgePIX.metal in Sources */ = {isa = PBXBuildFile; fileRef = 3A7C228D2285B4650096F53C /* EffectSingleEdgePIX.metal */; };
		3A7C22EA2285B4660096F53C /* EffectSingleClampPIX.metal in Sources */ = {isa = PBXBuildFile; fileRef = 3A7C228E2285B4650096F53C /* EffectSingleClampPIX.metal */; };
		3A7C22EB2285B4660096F53C /* EffectSingleClampPIX.metal in Sources */ = {isa = PBXBuildFile; fileRef = 3A7C228E2285B4650096F53C /* EffectSingleClampPIX.metal */; };
		3A7C22EC2285B4660096F53C /* EffectMergerCrossPIX.metal in Sources */ = {isa = PBXBuildFile; fileRef = 3A7C228F2285B4650096F53C /* EffectMergerCrossPIX.metal */; };
		3A7C22ED2285B4660096F53C /* EffectMergerCrossPIX.metal in Sources */ = {isa = PBXBuildFile; fileRef = 3A7C228F2285B4650096F53C /* EffectMergerCrossPIX.metal */; };
		3A7C22F22285B4660096F53C /* EffectSingleFlipFlopPIX.metal in Sources */ = {isa = PBXBuildFile; fileRef = 3A7C22922285B4650096F53C /* EffectSingleFlipFlopPIX.metal */; };
		3A7C22F32285B4660096F53C /* EffectSingleFlipFlopPIX.metal in Sources */ = {isa = PBXBuildFile; fileRef = 3A7C22922285B4650096F53C /* EffectSingleFlipFlopPIX.metal */; };
		3A7C22F42285B4660096F53C /* ContentGeneratorNoisePIX.metal in Sources */ = {isa = PBXBuildFile; fileRef = 3A7C22932285B4650096F53C /* ContentGeneratorNoisePIX.metal */; };
		3A7C22F52285B4660096F53C /* ContentGeneratorNoisePIX.metal in Sources */ = {isa = PBXBuildFile; fileRef = 3A7C22932285B4650096F53C /* ContentGeneratorNoisePIX.metal */; };
		3A7C22F62285B4660096F53C /* EffectSingleBlurPIX.metal in Sources */ = {isa = PBXBuildFile; fileRef = 3A7C22942285B4650096F53C /* EffectSingleBlurPIX.metal */; };
		3A7C22F72285B4660096F53C /* EffectSingleBlurPIX.metal in Sources */ = {isa = PBXBuildFile; fileRef = 3A7C22942285B4650096F53C /* EffectSingleBlurPIX.metal */; };
		3A7C22F82285B4660096F53C /* ContentGeneratorCirclePIX.metal in Sources */ = {isa = PBXBuildFile; fileRef = 3A7C22952285B4650096F53C /* ContentGeneratorCirclePIX.metal */; };
		3A7C22F92285B4660096F53C /* ContentGeneratorCirclePIX.metal in Sources */ = {isa = PBXBuildFile; fileRef = 3A7C22952285B4650096F53C /* ContentGeneratorCirclePIX.metal */; };
		3A7C22FA2285B4660096F53C /* EffectMergerLookupPIX.metal in Sources */ = {isa = PBXBuildFile; fileRef = 3A7C22962285B4650096F53C /* EffectMergerLookupPIX.metal */; };
		3A7C22FB2285B4660096F53C /* EffectMergerLookupPIX.metal in Sources */ = {isa = PBXBuildFile; fileRef = 3A7C22962285B4650096F53C /* EffectMergerLookupPIX.metal */; };
		3A7C22FC2285B4660096F53C /* EffectMergerBlendPIX.metal in Sources */ = {isa = PBXBuildFile; fileRef = 3A7C22972285B4650096F53C /* EffectMergerBlendPIX.metal */; };
		3A7C22FD2285B4660096F53C /* EffectMergerBlendPIX.metal in Sources */ = {isa = PBXBuildFile; fileRef = 3A7C22972285B4650096F53C /* EffectMergerBlendPIX.metal */; };
		3A7C22FE2285B4660096F53C /* EffectSingleSepiaPIX.metal in Sources */ = {isa = PBXBuildFile; fileRef = 3A7C22982285B4650096F53C /* EffectSingleSepiaPIX.metal */; };
		3A7C22FF2285B4660096F53C /* EffectSingleSepiaPIX.metal in Sources */ = {isa = PBXBuildFile; fileRef = 3A7C22982285B4650096F53C /* EffectSingleSepiaPIX.metal */; };
		3A7C23002285B4660096F53C /* ContentResourceFlipPIX.metal in Sources */ = {isa = PBXBuildFile; fileRef = 3A7C22992285B4650096F53C /* ContentResourceFlipPIX.metal */; };
		3A7C23012285B4660096F53C /* ContentResourceFlipPIX.metal in Sources */ = {isa = PBXBuildFile; fileRef = 3A7C22992285B4650096F53C /* ContentResourceFlipPIX.metal */; };
		3A7C23022285B4660096F53C /* ContentGeneratorRectanglePIX.metal in Sources */ = {isa = PBXBuildFile; fileRef = 3A7C229A2285B4650096F53C /* ContentGeneratorRectanglePIX.metal */; };
		3A7C23032285B4660096F53C /* ContentGeneratorRectanglePIX.metal in Sources */ = {isa = PBXBuildFile; fileRef = 3A7C229A2285B4650096F53C /* ContentGeneratorRectanglePIX.metal */; };
		3A7C23042285B4660096F53C /* EffectSingleChromaKeyPIX.metal in Sources */ = {isa = PBXBuildFile; fileRef = 3A7C229B2285B4660096F53C /* EffectSingleChromaKeyPIX.metal */; };
		3A7C23052285B4660096F53C /* EffectSingleChromaKeyPIX.metal in Sources */ = {isa = PBXBuildFile; fileRef = 3A7C229B2285B4660096F53C /* EffectSingleChromaKeyPIX.metal */; };
		3AA1666623E96E300091AE48 /* ContentResourceBackgroundPIX.metal in Sources */ = {isa = PBXBuildFile; fileRef = 3AA1666523E96E300091AE48 /* ContentResourceBackgroundPIX.metal */; };
		3AA1666723E96E300091AE48 /* ContentResourceBackgroundPIX.metal in Sources */ = {isa = PBXBuildFile; fileRef = 3AA1666523E96E300091AE48 /* ContentResourceBackgroundPIX.metal */; };
		3AA1666823E96E300091AE48 /* ContentResourceBackgroundPIX.metal in Sources */ = {isa = PBXBuildFile; fileRef = 3AA1666523E96E300091AE48 /* ContentResourceBackgroundPIX.metal */; };
		3ACAF5EA23D8806400EC6F1D /* EffectMergerLumaRainbowBlurPIX.metal in Sources */ = {isa = PBXBuildFile; fileRef = 3ACAF5E923D8806400EC6F1D /* EffectMergerLumaRainbowBlurPIX.metal */; };
		3ACAF5EB23D8806400EC6F1D /* EffectMergerLumaRainbowBlurPIX.metal in Sources */ = {isa = PBXBuildFile; fileRef = 3ACAF5E923D8806400EC6F1D /* EffectMergerLumaRainbowBlurPIX.metal */; };
		3ACAF5F123D8878800EC6F1D /* EffectSingleRainbowBlurPIX.metal in Sources */ = {isa = PBXBuildFile; fileRef = 3ACAF5F023D8878800EC6F1D /* EffectSingleRainbowBlurPIX.metal */; };
		3ACAF5F223D8878800EC6F1D /* EffectSingleRainbowBlurPIX.metal in Sources */ = {isa = PBXBuildFile; fileRef = 3ACAF5F023D8878800EC6F1D /* EffectSingleRainbowBlurPIX.metal */; };
		3ACAF5F323D8878800EC6F1D /* EffectSingleRainbowBlurPIX.metal in Sources */ = {isa = PBXBuildFile; fileRef = 3ACAF5F023D8878800EC6F1D /* EffectSingleRainbowBlurPIX.metal */; };
		3AF42360234F55F40019B4C1 /* EffectSingleAveragePIX.metal in Sources */ = {isa = PBXBuildFile; fileRef = 3AF4235F234F55F40019B4C1 /* EffectSingleAveragePIX.metal */; };
		3AF42361234F55F40019B4C1 /* EffectSingleAveragePIX.metal in Sources */ = {isa = PBXBuildFile; fileRef = 3AF4235F234F55F40019B4C1 /* EffectSingleAveragePIX.metal */; };
		3AF42362234F55F40019B4C1 /* EffectSingleAveragePIX.metal in Sources */ = {isa = PBXBuildFile; fileRef = 3AF4235F234F55F40019B4C1 /* EffectSingleAveragePIX.metal */; };
		740CA9DC24862DD5002AD2A2 /* EffectMergerLumaTransformPIX.metal in Sources */ = {isa = PBXBuildFile; fileRef = 740CA9DB24862DD5002AD2A2 /* EffectMergerLumaTransformPIX.metal */; };
		740CA9DD24862DD5002AD2A2 /* EffectMergerLumaTransformPIX.metal in Sources */ = {isa = PBXBuildFile; fileRef = 740CA9DB24862DD5002AD2A2 /* EffectMergerLumaTransformPIX.metal */; };
		740CA9DE24862DD5002AD2A2 /* EffectMergerLumaTransformPIX.metal in Sources */ = {isa = PBXBuildFile; fileRef = 740CA9DB24862DD5002AD2A2 /* EffectMergerLumaTransformPIX.metal */; };
		74181F802485791100DED071 /* EffectMergerLumaColorShiftPIX.metal in Sources */ = {isa = PBXBuildFile; fileRef = 74181F7F2485791100DED071 /* EffectMergerLumaColorShiftPIX.metal */; };
		74181F812485791100DED071 /* EffectMergerLumaColorShiftPIX.metal in Sources */ = {isa = PBXBuildFile; fileRef = 74181F7F2485791100DED071 /* EffectMergerLumaColorShiftPIX.metal */; };
		74181F822485791100DED071 /* EffectMergerLumaColorShiftPIX.metal in Sources */ = {isa = PBXBuildFile; fileRef = 74181F7F2485791100DED071 /* EffectMergerLumaColorShiftPIX.metal */; };
		74281F212486E14500D5DEB9 /* ContentResourceImagePIX.metal in Sources */ = {isa = PBXBuildFile; fileRef = 74281F202486E14500D5DEB9 /* ContentResourceImagePIX.metal */; };
		74281F222486E14500D5DEB9 /* ContentResourceImagePIX.metal in Sources */ = {isa = PBXBuildFile; fileRef = 74281F202486E14500D5DEB9 /* ContentResourceImagePIX.metal */; };
		74281F232486E14500D5DEB9 /* ContentResourceImagePIX.metal in Sources */ = {isa = PBXBuildFile; fileRef = 74281F202486E14500D5DEB9 /* ContentResourceImagePIX.metal */; };
		7450349C2427822B00B0C864 /* EffectMergerLUTPIX.metal in Sources */ = {isa = PBXBuildFile; fileRef = 7450349B2427822B00B0C864 /* EffectMergerLUTPIX.metal */; };
		7450349D2427822B00B0C864 /* EffectMergerLUTPIX.metal in Sources */ = {isa = PBXBuildFile; fileRef = 7450349B2427822B00B0C864 /* EffectMergerLUTPIX.metal */; };
		7450349E2427822B00B0C864 /* EffectMergerLUTPIX.metal in Sources */ = {isa = PBXBuildFile; fileRef = 7450349B2427822B00B0C864 /* EffectMergerLUTPIX.metal */; };
		74844E7E234893D300F99875 /* EffectSingleSlicePIX.metal in Sources */ = {isa = PBXBuildFile; fileRef = 74844E7D234893D300F99875 /* EffectSingleSlicePIX.metal */; };
		74844E7F234893D300F99875 /* EffectSingleSlicePIX.metal in Sources */ = {isa = PBXBuildFile; fileRef = 74844E7D234893D300F99875 /* EffectSingleSlicePIX.metal */; };
		74844E80234893D300F99875 /* EffectSingleSlicePIX.metal in Sources */ = {isa = PBXBuildFile; fileRef = 74844E7D234893D300F99875 /* EffectSingleSlicePIX.metal */; };
		74AD155F248517680027C400 /* EffectMultiStackPIX.metal in Sources */ = {isa = PBXBuildFile; fileRef = 74AD155E248517680027C400 /* EffectMultiStackPIX.metal */; };
		74AD1560248517680027C400 /* EffectMultiStackPIX.metal in Sources */ = {isa = PBXBuildFile; fileRef = 74AD155E248517680027C400 /* EffectMultiStackPIX.metal */; };
		74AD1561248517680027C400 /* EffectMultiStackPIX.metal in Sources */ = {isa = PBXBuildFile; fileRef = 74AD155E248517680027C400 /* EffectMultiStackPIX.metal */; };
		74D7E02A235F74860000595A /* place.metal in Sources */ = {isa = PBXBuildFile; fileRef = 74D7E026235F74860000595A /* place.metal */; };
		74D7E02B235F74860000595A /* place.metal in Sources */ = {isa = PBXBuildFile; fileRef = 74D7E026235F74860000595A /* place.metal */; };
		74D7E02C235F74860000595A /* place.metal in Sources */ = {isa = PBXBuildFile; fileRef = 74D7E026235F74860000595A /* place.metal */; };
		74D7E02D235F74860000595A /* place_header.metal in Sources */ = {isa = PBXBuildFile; fileRef = 74D7E027235F74860000595A /* place_header.metal */; };
		74D7E02E235F74860000595A /* place_header.metal in Sources */ = {isa = PBXBuildFile; fileRef = 74D7E027235F74860000595A /* place_header.metal */; };
		74D7E02F235F74860000595A /* place_header.metal in Sources */ = {isa = PBXBuildFile; fileRef = 74D7E027235F74860000595A /* place_header.metal */; };
		74D7E030235F74860000595A /* blend.metal in Sources */ = {isa = PBXBuildFile; fileRef = 74D7E028235F74860000595A /* blend.metal */; };
		74D7E031235F74860000595A /* blend.metal in Sources */ = {isa = PBXBuildFile; fileRef = 74D7E028235F74860000595A /* blend.metal */; };
		74D7E032235F74860000595A /* blend.metal in Sources */ = {isa = PBXBuildFile; fileRef = 74D7E028235F74860000595A /* blend.metal */; };
		74D7E033235F74860000595A /* blend_header.metal in Sources */ = {isa = PBXBuildFile; fileRef = 74D7E029235F74860000595A /* blend_header.metal */; };
		74D7E034235F74860000595A /* blend_header.metal in Sources */ = {isa = PBXBuildFile; fileRef = 74D7E029235F74860000595A /* blend_header.metal */; };
		74D7E035235F74860000595A /* blend_header.metal in Sources */ = {isa = PBXBuildFile; fileRef = 74D7E029235F74860000595A /* blend_header.metal */; };
		74F39A93232E700400E3565C /* TemplatePIX.metal in Sources */ = {isa = PBXBuildFile; fileRef = 74F39A92232E700400E3565C /* TemplatePIX.metal */; };
		74F39A94232E700400E3565C /* TemplatePIX.metal in Sources */ = {isa = PBXBuildFile; fileRef = 74F39A92232E700400E3565C /* TemplatePIX.metal */; };
/* End PBXBuildFile section */

/* Begin PBXFileReference section */
		3A07AAFA2344A11D00D3F0CE /* QuadVTX.metal */ = {isa = PBXFileReference; fileEncoding = 4; lastKnownFileType = sourcecode.metal; path = QuadVTX.metal; sourceTree = "<group>"; };
		3A07AAFB2344A11D00D3F0CE /* error.metal */ = {isa = PBXFileReference; fileEncoding = 4; lastKnownFileType = sourcecode.metal; path = error.metal; sourceTree = "<group>"; };
		3A07AAFD2344A11D00D3F0CE /* noise.metal */ = {isa = PBXFileReference; fileEncoding = 4; lastKnownFileType = sourcecode.metal; path = noise.metal; sourceTree = "<group>"; };
		3A07AAFE2344A11D00D3F0CE /* random_header.metal */ = {isa = PBXFileReference; fileEncoding = 4; lastKnownFileType = sourcecode.metal; path = random_header.metal; sourceTree = "<group>"; };
		3A07AAFF2344A11D00D3F0CE /* random.metal */ = {isa = PBXFileReference; fileEncoding = 4; lastKnownFileType = sourcecode.metal; path = random.metal; sourceTree = "<group>"; };
		3A07AB002344A11D00D3F0CE /* noise_header.metal */ = {isa = PBXFileReference; fileEncoding = 4; lastKnownFileType = sourcecode.metal; path = noise_header.metal; sourceTree = "<group>"; };
		3A07AB022344A11D00D3F0CE /* hsv_header.metal */ = {isa = PBXFileReference; fileEncoding = 4; lastKnownFileType = sourcecode.metal; path = hsv_header.metal; sourceTree = "<group>"; };
		3A07AB032344A11D00D3F0CE /* hsv.metal */ = {isa = PBXFileReference; fileEncoding = 4; lastKnownFileType = sourcecode.metal; path = hsv.metal; sourceTree = "<group>"; };
		3A07AB042344A11D00D3F0CE /* README.md */ = {isa = PBXFileReference; fileEncoding = 4; lastKnownFileType = net.daringfireball.markdown; path = README.md; sourceTree = "<group>"; };
		3A07AB052344A11D00D3F0CE /* .gitignore */ = {isa = PBXFileReference; fileEncoding = 4; lastKnownFileType = text; path = .gitignore; sourceTree = "<group>"; };
		3A07AB252344A47D00D3F0CE /* gradient.metal */ = {isa = PBXFileReference; fileEncoding = 4; lastKnownFileType = sourcecode.metal; path = gradient.metal; sourceTree = "<group>"; };
		3A07AB292344A72100D3F0CE /* gradient_header.metal */ = {isa = PBXFileReference; lastKnownFileType = sourcecode.metal; path = gradient_header.metal; sourceTree = "<group>"; };
		3A07AB362344CBE200D3F0CE /* NilPIX.metal */ = {isa = PBXFileReference; fileEncoding = 4; lastKnownFileType = sourcecode.metal; path = NilPIX.metal; sourceTree = "<group>"; };
		3A3A467B23DAE523008AF36F /* EffectSingleColorConvertPIX.metal */ = {isa = PBXFileReference; fileEncoding = 4; lastKnownFileType = sourcecode.metal; path = EffectSingleColorConvertPIX.metal; sourceTree = "<group>"; };
		3A3DAB7723D996EF007358A1 /* ContentResourceRedToWhitePIX.metal */ = {isa = PBXFileReference; fileEncoding = 4; lastKnownFileType = sourcecode.metal; path = ContentResourceRedToWhitePIX.metal; sourceTree = "<group>"; };
		3A6A1D902296BDF6001BB134 /* EffectMergerLumaLevelsPIX.metal */ = {isa = PBXFileReference; fileEncoding = 4; lastKnownFileType = sourcecode.metal; path = EffectMergerLumaLevelsPIX.metal; sourceTree = "<group>"; };
		3A7C22672285B4640096F53C /* EffectSingleRangePIX.metal */ = {isa = PBXFileReference; fileEncoding = 4; lastKnownFileType = sourcecode.metal; path = EffectSingleRangePIX.metal; sourceTree = "<group>"; };
		3A7C226A2285B4640096F53C /* EffectSingleChannelMixPIX.metal */ = {isa = PBXFileReference; fileEncoding = 4; lastKnownFileType = sourcecode.metal; path = EffectSingleChannelMixPIX.metal; sourceTree = "<group>"; };
		3A7C226B2285B4640096F53C /* EffectSingleSharpenPIX.metal */ = {isa = PBXFileReference; fileEncoding = 4; lastKnownFileType = sourcecode.metal; path = EffectSingleSharpenPIX.metal; sourceTree = "<group>"; };
		3A7C226D2285B4640096F53C /* EffectMergerLumaBlurPIX.metal */ = {isa = PBXFileReference; fileEncoding = 4; lastKnownFileType = sourcecode.metal; path = EffectMergerLumaBlurPIX.metal; sourceTree = "<group>"; };
		3A7C226E2285B4640096F53C /* EffectMergerTimeMachinePIX.metal */ = {isa = PBXFileReference; fileEncoding = 4; lastKnownFileType = sourcecode.metal; path = EffectMergerTimeMachinePIX.metal; sourceTree = "<group>"; };
		3A7C226F2285B4640096F53C /* ContentGeneratorGradientPIX.metal */ = {isa = PBXFileReference; fileEncoding = 4; lastKnownFileType = sourcecode.metal; path = ContentGeneratorGradientPIX.metal; sourceTree = "<group>"; };
		3A7C22702285B4640096F53C /* EffectSingleQuantizePIX.metal */ = {isa = PBXFileReference; fileEncoding = 4; lastKnownFileType = sourcecode.metal; path = EffectSingleQuantizePIX.metal; sourceTree = "<group>"; };
		3A7C22712285B4640096F53C /* EffectSingleConvertPIX.metal */ = {isa = PBXFileReference; fileEncoding = 4; lastKnownFileType = sourcecode.metal; path = EffectSingleConvertPIX.metal; sourceTree = "<group>"; };
		3A7C22722285B4640096F53C /* ContentResourceCameraPIX.metal */ = {isa = PBXFileReference; fileEncoding = 4; lastKnownFileType = sourcecode.metal; path = ContentResourceCameraPIX.metal; sourceTree = "<group>"; };
		3A7C22732285B4640096F53C /* ContentResourcePIX.metal */ = {isa = PBXFileReference; fileEncoding = 4; lastKnownFileType = sourcecode.metal; path = ContentResourcePIX.metal; sourceTree = "<group>"; };
		3A7C22742285B4640096F53C /* ContentGeneratorPolygonPIX.metal */ = {isa = PBXFileReference; fileEncoding = 4; lastKnownFileType = sourcecode.metal; path = ContentGeneratorPolygonPIX.metal; sourceTree = "<group>"; };
		3A7C22752285B4640096F53C /* EffectMultiArrayPIX.metal */ = {isa = PBXFileReference; fileEncoding = 4; lastKnownFileType = sourcecode.metal; path = EffectMultiArrayPIX.metal; sourceTree = "<group>"; };
		3A7C22762285B4640096F53C /* ContentGeneratorColorPIX.metal */ = {isa = PBXFileReference; fileEncoding = 4; lastKnownFileType = sourcecode.metal; path = ContentGeneratorColorPIX.metal; sourceTree = "<group>"; };
		3A7C22772285B4640096F53C /* EffectSingleTransformPIX.metal */ = {isa = PBXFileReference; fileEncoding = 4; lastKnownFileType = sourcecode.metal; path = EffectSingleTransformPIX.metal; sourceTree = "<group>"; };
		3A7C22782285B4640096F53C /* EffectSingleTwirlPIX.metal */ = {isa = PBXFileReference; fileEncoding = 4; lastKnownFileType = sourcecode.metal; path = EffectSingleTwirlPIX.metal; sourceTree = "<group>"; };
		3A7C22792285B4640096F53C /* ContentGeneratorLinePIX.metal */ = {isa = PBXFileReference; fileEncoding = 4; lastKnownFileType = sourcecode.metal; path = ContentGeneratorLinePIX.metal; sourceTree = "<group>"; };
		3A7C227A2285B4640096F53C /* EffectSingleSlopePIX.metal */ = {isa = PBXFileReference; fileEncoding = 4; lastKnownFileType = sourcecode.metal; path = EffectSingleSlopePIX.metal; sourceTree = "<group>"; };
		3A7C227B2285B4640096F53C /* EffectSingleKaleidoscopePIX.metal */ = {isa = PBXFileReference; fileEncoding = 4; lastKnownFileType = sourcecode.metal; path = EffectSingleKaleidoscopePIX.metal; sourceTree = "<group>"; };
		3A7C227C2285B4640096F53C /* ContentResourceBGRPIX.metal */ = {isa = PBXFileReference; fileEncoding = 4; lastKnownFileType = sourcecode.metal; path = ContentResourceBGRPIX.metal; sourceTree = "<group>"; };
		3A7C227D2285B4640096F53C /* EffectSingleFlarePIX.metal */ = {isa = PBXFileReference; fileEncoding = 4; lastKnownFileType = sourcecode.metal; path = EffectSingleFlarePIX.metal; sourceTree = "<group>"; };
		3A7C227E2285B4640096F53C /* EffectMergerReorderPIX.metal */ = {isa = PBXFileReference; fileEncoding = 4; lastKnownFileType = sourcecode.metal; path = EffectMergerReorderPIX.metal; sourceTree = "<group>"; };
		3A7C227F2285B4640096F53C /* EffectSingleLevelsPIX.metal */ = {isa = PBXFileReference; fileEncoding = 4; lastKnownFileType = sourcecode.metal; path = EffectSingleLevelsPIX.metal; sourceTree = "<group>"; };
		3A7C22802285B4640096F53C /* ContentGeneratorArcPIX.metal */ = {isa = PBXFileReference; fileEncoding = 4; lastKnownFileType = sourcecode.metal; path = ContentGeneratorArcPIX.metal; sourceTree = "<group>"; };
		3A7C22812285B4640096F53C /* EffectSingleColorShiftPIX.metal */ = {isa = PBXFileReference; fileEncoding = 4; lastKnownFileType = sourcecode.metal; path = EffectSingleColorShiftPIX.metal; sourceTree = "<group>"; };
		3A7C22832285B4640096F53C /* EffectSingleCropPIX.metal */ = {isa = PBXFileReference; fileEncoding = 4; lastKnownFileType = sourcecode.metal; path = EffectSingleCropPIX.metal; sourceTree = "<group>"; };
		3A7C22852285B4640096F53C /* EffectMergerDisplacePIX.metal */ = {isa = PBXFileReference; fileEncoding = 4; lastKnownFileType = sourcecode.metal; path = EffectMergerDisplacePIX.metal; sourceTree = "<group>"; };
		3A7C22872285B4650096F53C /* EffectMergerRemapPIX.metal */ = {isa = PBXFileReference; fileEncoding = 4; lastKnownFileType = sourcecode.metal; path = EffectMergerRemapPIX.metal; sourceTree = "<group>"; };
		3A7C22882285B4650096F53C /* EffectMultiBlendsPIX.metal */ = {isa = PBXFileReference; fileEncoding = 4; lastKnownFileType = sourcecode.metal; path = EffectMultiBlendsPIX.metal; sourceTree = "<group>"; };
		3A7C22892285B4650096F53C /* SpritePIX.metal */ = {isa = PBXFileReference; fileEncoding = 4; lastKnownFileType = sourcecode.metal; path = SpritePIX.metal; sourceTree = "<group>"; };
		3A7C228B2285B4650096F53C /* EffectSingleThresholdPIX.metal */ = {isa = PBXFileReference; fileEncoding = 4; lastKnownFileType = sourcecode.metal; path = EffectSingleThresholdPIX.metal; sourceTree = "<group>"; };
		3A7C228C2285B4650096F53C /* EffectSingleResPIX.metal */ = {isa = PBXFileReference; fileEncoding = 4; lastKnownFileType = sourcecode.metal; path = EffectSingleResPIX.metal; sourceTree = "<group>"; };
		3A7C228D2285B4650096F53C /* EffectSingleEdgePIX.metal */ = {isa = PBXFileReference; fileEncoding = 4; lastKnownFileType = sourcecode.metal; path = EffectSingleEdgePIX.metal; sourceTree = "<group>"; };
		3A7C228E2285B4650096F53C /* EffectSingleClampPIX.metal */ = {isa = PBXFileReference; fileEncoding = 4; lastKnownFileType = sourcecode.metal; path = EffectSingleClampPIX.metal; sourceTree = "<group>"; };
		3A7C228F2285B4650096F53C /* EffectMergerCrossPIX.metal */ = {isa = PBXFileReference; fileEncoding = 4; lastKnownFileType = sourcecode.metal; path = EffectMergerCrossPIX.metal; sourceTree = "<group>"; };
		3A7C22922285B4650096F53C /* EffectSingleFlipFlopPIX.metal */ = {isa = PBXFileReference; fileEncoding = 4; lastKnownFileType = sourcecode.metal; path = EffectSingleFlipFlopPIX.metal; sourceTree = "<group>"; };
		3A7C22932285B4650096F53C /* ContentGeneratorNoisePIX.metal */ = {isa = PBXFileReference; fileEncoding = 4; lastKnownFileType = sourcecode.metal; path = ContentGeneratorNoisePIX.metal; sourceTree = "<group>"; };
		3A7C22942285B4650096F53C /* EffectSingleBlurPIX.metal */ = {isa = PBXFileReference; fileEncoding = 4; lastKnownFileType = sourcecode.metal; path = EffectSingleBlurPIX.metal; sourceTree = "<group>"; };
		3A7C22952285B4650096F53C /* ContentGeneratorCirclePIX.metal */ = {isa = PBXFileReference; fileEncoding = 4; lastKnownFileType = sourcecode.metal; path = ContentGeneratorCirclePIX.metal; sourceTree = "<group>"; };
		3A7C22962285B4650096F53C /* EffectMergerLookupPIX.metal */ = {isa = PBXFileReference; fileEncoding = 4; lastKnownFileType = sourcecode.metal; path = EffectMergerLookupPIX.metal; sourceTree = "<group>"; };
		3A7C22972285B4650096F53C /* EffectMergerBlendPIX.metal */ = {isa = PBXFileReference; fileEncoding = 4; lastKnownFileType = sourcecode.metal; path = EffectMergerBlendPIX.metal; sourceTree = "<group>"; };
		3A7C22982285B4650096F53C /* EffectSingleSepiaPIX.metal */ = {isa = PBXFileReference; fileEncoding = 4; lastKnownFileType = sourcecode.metal; path = EffectSingleSepiaPIX.metal; sourceTree = "<group>"; };
		3A7C22992285B4650096F53C /* ContentResourceFlipPIX.metal */ = {isa = PBXFileReference; fileEncoding = 4; lastKnownFileType = sourcecode.metal; path = ContentResourceFlipPIX.metal; sourceTree = "<group>"; };
		3A7C229A2285B4650096F53C /* ContentGeneratorRectanglePIX.metal */ = {isa = PBXFileReference; fileEncoding = 4; lastKnownFileType = sourcecode.metal; path = ContentGeneratorRectanglePIX.metal; sourceTree = "<group>"; };
		3A7C229B2285B4660096F53C /* EffectSingleChromaKeyPIX.metal */ = {isa = PBXFileReference; fileEncoding = 4; lastKnownFileType = sourcecode.metal; path = EffectSingleChromaKeyPIX.metal; sourceTree = "<group>"; };
		3AA1666523E96E300091AE48 /* ContentResourceBackgroundPIX.metal */ = {isa = PBXFileReference; fileEncoding = 4; lastKnownFileType = sourcecode.metal; path = ContentResourceBackgroundPIX.metal; sourceTree = "<group>"; };
		3ACAF5E923D8806400EC6F1D /* EffectMergerLumaRainbowBlurPIX.metal */ = {isa = PBXFileReference; fileEncoding = 4; lastKnownFileType = sourcecode.metal; path = EffectMergerLumaRainbowBlurPIX.metal; sourceTree = "<group>"; };
		3ACAF5F023D8878800EC6F1D /* EffectSingleRainbowBlurPIX.metal */ = {isa = PBXFileReference; fileEncoding = 4; lastKnownFileType = sourcecode.metal; path = EffectSingleRainbowBlurPIX.metal; sourceTree = "<group>"; };
		3AF4235F234F55F40019B4C1 /* EffectSingleAveragePIX.metal */ = {isa = PBXFileReference; fileEncoding = 4; lastKnownFileType = sourcecode.metal; path = EffectSingleAveragePIX.metal; sourceTree = "<group>"; };
		740CA9DB24862DD5002AD2A2 /* EffectMergerLumaTransformPIX.metal */ = {isa = PBXFileReference; fileEncoding = 4; lastKnownFileType = sourcecode.metal; path = EffectMergerLumaTransformPIX.metal; sourceTree = "<group>"; };
		74181F7F2485791100DED071 /* EffectMergerLumaColorShiftPIX.metal */ = {isa = PBXFileReference; fileEncoding = 4; lastKnownFileType = sourcecode.metal; path = EffectMergerLumaColorShiftPIX.metal; sourceTree = "<group>"; };
		74281F202486E14500D5DEB9 /* ContentResourceImagePIX.metal */ = {isa = PBXFileReference; fileEncoding = 4; lastKnownFileType = sourcecode.metal; path = ContentResourceImagePIX.metal; sourceTree = "<group>"; };
		7450349B2427822B00B0C864 /* EffectMergerLUTPIX.metal */ = {isa = PBXFileReference; fileEncoding = 4; lastKnownFileType = sourcecode.metal; path = EffectMergerLUTPIX.metal; sourceTree = "<group>"; };
		7473A66A210F4FD0003CF329 /* PixelKitShaders.metallib */ = {isa = PBXFileReference; includeInIndex = 0; lastKnownFileType = "archive.metal-library"; path = PixelKitShaders.metallib; sourceTree = BUILT_PRODUCTS_DIR; };
		74844E7D234893D300F99875 /* EffectSingleSlicePIX.metal */ = {isa = PBXFileReference; fileEncoding = 4; lastKnownFileType = sourcecode.metal; path = EffectSingleSlicePIX.metal; sourceTree = "<group>"; };
		74AD155E248517680027C400 /* EffectMultiStackPIX.metal */ = {isa = PBXFileReference; fileEncoding = 4; lastKnownFileType = sourcecode.metal; path = EffectMultiStackPIX.metal; sourceTree = "<group>"; };
		74D7E026235F74860000595A /* place.metal */ = {isa = PBXFileReference; fileEncoding = 4; lastKnownFileType = sourcecode.metal; path = place.metal; sourceTree = "<group>"; };
		74D7E027235F74860000595A /* place_header.metal */ = {isa = PBXFileReference; fileEncoding = 4; lastKnownFileType = sourcecode.metal; path = place_header.metal; sourceTree = "<group>"; };
		74D7E028235F74860000595A /* blend.metal */ = {isa = PBXFileReference; fileEncoding = 4; lastKnownFileType = sourcecode.metal; path = blend.metal; sourceTree = "<group>"; };
		74D7E029235F74860000595A /* blend_header.metal */ = {isa = PBXFileReference; fileEncoding = 4; lastKnownFileType = sourcecode.metal; path = blend_header.metal; sourceTree = "<group>"; };
		74E9F6C72193813800F541DE /* PixelKitShaders-macOS.metallib */ = {isa = PBXFileReference; explicitFileType = "archive.metal-library"; includeInIndex = 0; path = "PixelKitShaders-macOS.metallib"; sourceTree = BUILT_PRODUCTS_DIR; };
		74F39A92232E700400E3565C /* TemplatePIX.metal */ = {isa = PBXFileReference; fileEncoding = 4; lastKnownFileType = sourcecode.metal; path = TemplatePIX.metal; sourceTree = "<group>"; };
/* End PBXFileReference section */

/* Begin PBXGroup section */
		3A07AAF62344A11D00D3F0CE /* Shaders */ = {
			isa = PBXGroup;
			children = (
				3A07AAF72344A11D00D3F0CE /* Source */,
				3A07AB042344A11D00D3F0CE /* README.md */,
				3A07AB052344A11D00D3F0CE /* .gitignore */,
			);
			path = Shaders;
			sourceTree = "<group>";
		};
		3A07AAF72344A11D00D3F0CE /* Source */ = {
			isa = PBXGroup;
			children = (
				3A07AAF82344A11D00D3F0CE /* Other */,
				3A07AAFC2344A11D00D3F0CE /* Content */,
				3A07AB012344A11D00D3F0CE /* Effects */,
			);
			path = Source;
			sourceTree = "<group>";
		};
		3A07AAF82344A11D00D3F0CE /* Other */ = {
			isa = PBXGroup;
			children = (
				3A07AAFA2344A11D00D3F0CE /* QuadVTX.metal */,
				3A07AAFB2344A11D00D3F0CE /* error.metal */,
			);
			path = Other;
			sourceTree = "<group>";
		};
		3A07AAFC2344A11D00D3F0CE /* Content */ = {
			isa = PBXGroup;
			children = (
				3A07AAFD2344A11D00D3F0CE /* noise.metal */,
				3A07AAFE2344A11D00D3F0CE /* random_header.metal */,
				3A07AAFF2344A11D00D3F0CE /* random.metal */,
				3A07AB002344A11D00D3F0CE /* noise_header.metal */,
				3A07AB252344A47D00D3F0CE /* gradient.metal */,
				3A07AB292344A72100D3F0CE /* gradient_header.metal */,
			);
			path = Content;
			sourceTree = "<group>";
		};
		3A07AB012344A11D00D3F0CE /* Effects */ = {
			isa = PBXGroup;
			children = (
				3A07AB022344A11D00D3F0CE /* hsv_header.metal */,
				3A07AB032344A11D00D3F0CE /* hsv.metal */,
				74D7E029235F74860000595A /* blend_header.metal */,
				74D7E028235F74860000595A /* blend.metal */,
				74D7E027235F74860000595A /* place_header.metal */,
				74D7E026235F74860000595A /* place.metal */,
			);
			path = Effects;
			sourceTree = "<group>";
		};
		740EE35D212DD5030065F49B /* Shaders */ = {
			isa = PBXGroup;
			children = (
				3A7C22802285B4640096F53C /* ContentGeneratorArcPIX.metal */,
				3A7C22952285B4650096F53C /* ContentGeneratorCirclePIX.metal */,
				3A7C22762285B4640096F53C /* ContentGeneratorColorPIX.metal */,
				3A7C226F2285B4640096F53C /* ContentGeneratorGradientPIX.metal */,
				3A7C22792285B4640096F53C /* ContentGeneratorLinePIX.metal */,
				3A7C22932285B4650096F53C /* ContentGeneratorNoisePIX.metal */,
				3A7C22742285B4640096F53C /* ContentGeneratorPolygonPIX.metal */,
				3A7C229A2285B4650096F53C /* ContentGeneratorRectanglePIX.metal */,
				3AA1666523E96E300091AE48 /* ContentResourceBackgroundPIX.metal */,
				3A7C227C2285B4640096F53C /* ContentResourceBGRPIX.metal */,
				3A7C22722285B4640096F53C /* ContentResourceCameraPIX.metal */,
				3A7C22992285B4650096F53C /* ContentResourceFlipPIX.metal */,
				74281F202486E14500D5DEB9 /* ContentResourceImagePIX.metal */,
				3A7C22732285B4640096F53C /* ContentResourcePIX.metal */,
				3A3DAB7723D996EF007358A1 /* ContentResourceRedToWhitePIX.metal */,
				3A7C22972285B4650096F53C /* EffectMergerBlendPIX.metal */,
				3A7C228F2285B4650096F53C /* EffectMergerCrossPIX.metal */,
				3A7C22852285B4640096F53C /* EffectMergerDisplacePIX.metal */,
				3A7C22962285B4650096F53C /* EffectMergerLookupPIX.metal */,
				3A7C226D2285B4640096F53C /* EffectMergerLumaBlurPIX.metal */,
				74181F7F2485791100DED071 /* EffectMergerLumaColorShiftPIX.metal */,
				3A6A1D902296BDF6001BB134 /* EffectMergerLumaLevelsPIX.metal */,
				3ACAF5E923D8806400EC6F1D /* EffectMergerLumaRainbowBlurPIX.metal */,
				740CA9DB24862DD5002AD2A2 /* EffectMergerLumaTransformPIX.metal */,
				7450349B2427822B00B0C864 /* EffectMergerLUTPIX.metal */,
				3A7C22872285B4650096F53C /* EffectMergerRemapPIX.metal */,
				3A7C227E2285B4640096F53C /* EffectMergerReorderPIX.metal */,
				3A7C226E2285B4640096F53C /* EffectMergerTimeMachinePIX.metal */,
				3A7C22752285B4640096F53C /* EffectMultiArrayPIX.metal */,
				3A7C22882285B4650096F53C /* EffectMultiBlendsPIX.metal */,
				74AD155E248517680027C400 /* EffectMultiStackPIX.metal */,
				3AF4235F234F55F40019B4C1 /* EffectSingleAveragePIX.metal */,
				3A7C22942285B4650096F53C /* EffectSingleBlurPIX.metal */,
				3A7C226A2285B4640096F53C /* EffectSingleChannelMixPIX.metal */,
				3A7C229B2285B4660096F53C /* EffectSingleChromaKeyPIX.metal */,
				3A7C228E2285B4650096F53C /* EffectSingleClampPIX.metal */,
				3A3A467B23DAE523008AF36F /* EffectSingleColorConvertPIX.metal */,
				3A7C22812285B4640096F53C /* EffectSingleColorShiftPIX.metal */,
				3A7C22712285B4640096F53C /* EffectSingleConvertPIX.metal */,
				3A7C22832285B4640096F53C /* EffectSingleCropPIX.metal */,
				3A7C228D2285B4650096F53C /* EffectSingleEdgePIX.metal */,
				3A7C227D2285B4640096F53C /* EffectSingleFlarePIX.metal */,
				3A7C22922285B4650096F53C /* EffectSingleFlipFlopPIX.metal */,
				3A7C227B2285B4640096F53C /* EffectSingleKaleidoscopePIX.metal */,
				3A7C227F2285B4640096F53C /* EffectSingleLevelsPIX.metal */,
				3A7C22702285B4640096F53C /* EffectSingleQuantizePIX.metal */,
				3ACAF5F023D8878800EC6F1D /* EffectSingleRainbowBlurPIX.metal */,
				3A7C22672285B4640096F53C /* EffectSingleRangePIX.metal */,
				3A7C228C2285B4650096F53C /* EffectSingleResPIX.metal */,
				3A7C22982285B4650096F53C /* EffectSingleSepiaPIX.metal */,
				3A7C226B2285B4640096F53C /* EffectSingleSharpenPIX.metal */,
				74844E7D234893D300F99875 /* EffectSingleSlicePIX.metal */,
				3A7C227A2285B4640096F53C /* EffectSingleSlopePIX.metal */,
				3A7C228B2285B4650096F53C /* EffectSingleThresholdPIX.metal */,
				3A7C22772285B4640096F53C /* EffectSingleTransformPIX.metal */,
				3A7C22782285B4640096F53C /* EffectSingleTwirlPIX.metal */,
				3A07AB362344CBE200D3F0CE /* NilPIX.metal */,
				3A07AAF62344A11D00D3F0CE /* Shaders */,
				3A7C22892285B4650096F53C /* SpritePIX.metal */,
				74F39A92232E700400E3565C /* TemplatePIX.metal */,
			);
			name = Shaders;
			path = ../Shaders;
			sourceTree = "<group>";
		};
		7473A663210F4FD0003CF329 = {
			isa = PBXGroup;
			children = (
				740EE35D212DD5030065F49B /* Shaders */,
				7473A66B210F4FD0003CF329 /* Products */,
			);
			sourceTree = "<group>";
		};
		7473A66B210F4FD0003CF329 /* Products */ = {
			isa = PBXGroup;
			children = (
				7473A66A210F4FD0003CF329 /* PixelKitShaders.metallib */,
				74E9F6C72193813800F541DE /* PixelKitShaders-macOS.metallib */,
			);
			name = Products;
			sourceTree = "<group>";
		};
/* End PBXGroup section */

/* Begin PBXNativeTarget section */
		3A3756442334FAE200D90172 /* PixelKitShaders-tvOS */ = {
			isa = PBXNativeTarget;
			buildConfigurationList = 3A37564A2334FAE200D90172 /* Build configuration list for PBXNativeTarget "PixelKitShaders-tvOS" */;
			buildPhases = (
				3A3756432334FAE200D90172 /* Sources */,
			);
			buildRules = (
			);
			dependencies = (
			);
			name = "PixelKitShaders-tvOS";
			productName = "PixelKitShaders-tvOS";
			productType = "com.apple.product-type.metal-library";
		};
		7473A669210F4FD0003CF329 /* PixelKitShaders */ = {
			isa = PBXNativeTarget;
			buildConfigurationList = 7473A671210F4FD0003CF329 /* Build configuration list for PBXNativeTarget "PixelKitShaders" */;
			buildPhases = (
				7473A668210F4FD0003CF329 /* Sources */,
			);
			buildRules = (
			);
			dependencies = (
			);
			name = PixelKitShaders;
			productName = PixelsShaders;
			productReference = 7473A66A210F4FD0003CF329 /* PixelKitShaders.metallib */;
			productType = "com.apple.product-type.metal-library";
		};
		74E9F6C62193813800F541DE /* PixelKitShaders-macOS */ = {
			isa = PBXNativeTarget;
			buildConfigurationList = 74E9F6CB2193813800F541DE /* Build configuration list for PBXNativeTarget "PixelKitShaders-macOS" */;
			buildPhases = (
				74E9F6C52193813800F541DE /* Sources */,
			);
			buildRules = (
			);
			dependencies = (
			);
			name = "PixelKitShaders-macOS";
			productName = "PixelsShaders-macOS";
			productReference = 74E9F6C72193813800F541DE /* PixelKitShaders-macOS.metallib */;
			productType = "com.apple.product-type.metal-library";
		};
/* End PBXNativeTarget section */

/* Begin PBXProject section */
		7473A664210F4FD0003CF329 /* Project object */ = {
			isa = PBXProject;
			attributes = {
				LastUpgradeCheck = 1000;
				ORGANIZATIONNAME = Hexagons;
				TargetAttributes = {
					3A3756442334FAE200D90172 = {
						CreatedOnToolsVersion = 11.0;
					};
					7473A669210F4FD0003CF329 = {
						CreatedOnToolsVersion = 10.0;
					};
					74E9F6C62193813800F541DE = {
						CreatedOnToolsVersion = 10.1;
					};
				};
			};
			buildConfigurationList = 7473A667210F4FD0003CF329 /* Build configuration list for PBXProject "PixelKitShaders" */;
			compatibilityVersion = "Xcode 9.3";
			developmentRegion = en;
			hasScannedForEncodings = 0;
			knownRegions = (
				en,
			);
			mainGroup = 7473A663210F4FD0003CF329;
			productRefGroup = 7473A66B210F4FD0003CF329 /* Products */;
			projectDirPath = "";
			projectRoot = "";
			targets = (
				7473A669210F4FD0003CF329 /* PixelKitShaders */,
				74E9F6C62193813800F541DE /* PixelKitShaders-macOS */,
				3A3756442334FAE200D90172 /* PixelKitShaders-tvOS */,
			);
		};
/* End PBXProject section */

/* Begin PBXSourcesBuildPhase section */
		3A3756432334FAE200D90172 /* Sources */ = {
			isa = PBXSourcesBuildPhase;
			buildActionMask = 2147483647;
			files = (
				3A0156A52334FB390002B2D9 /* EffectSingleChromaKeyPIX.metal in Sources */,
				3A07AB0E2344A11D00D3F0CE /* error.metal in Sources */,
				3A0156B12334FB390002B2D9 /* EffectSingleResPIX.metal in Sources */,
				3A0156C12334FB390002B2D9 /* SpritePIX.metal in Sources */,
				3A07AB282344A47D00D3F0CE /* gradient.metal in Sources */,
				3A0156952334FB390002B2D9 /* ContentResourceCameraPIX.metal in Sources */,
				3A0156902334FB390002B2D9 /* ContentGeneratorLinePIX.metal in Sources */,
				3A0156B52334FB390002B2D9 /* EffectSingleThresholdPIX.metal in Sources */,
				3A0156962334FB390002B2D9 /* ContentResourceFlipPIX.metal in Sources */,
				3A01568E2334FB390002B2D9 /* ContentGeneratorColorPIX.metal in Sources */,
				74181F822485791100DED071 /* EffectMergerLumaColorShiftPIX.metal in Sources */,
				3A07AB172344A11D00D3F0CE /* random.metal in Sources */,
				3A01569F2334FB390002B2D9 /* EffectMergerReorderPIX.metal in Sources */,
				3A0156A72334FB390002B2D9 /* EffectSingleConvertPIX.metal in Sources */,
				74D7E032235F74860000595A /* blend.metal in Sources */,
				3A0156B02334FB390002B2D9 /* EffectSingleRangePIX.metal in Sources */,
				3AA1666823E96E300091AE48 /* ContentResourceBackgroundPIX.metal in Sources */,
				3A0156AF2334FB390002B2D9 /* EffectSingleQuantizePIX.metal in Sources */,
				3ACAF5F323D8878800EC6F1D /* EffectSingleRainbowBlurPIX.metal in Sources */,
				3A0156AD2334FB390002B2D9 /* EffectSingleKaleidoscopePIX.metal in Sources */,
				3A01568F2334FB390002B2D9 /* ContentGeneratorGradientPIX.metal in Sources */,
				3A0156982334FB390002B2D9 /* EffectMergerBlendPIX.metal in Sources */,
				3A07AB2C2344A72100D3F0CE /* gradient_header.metal in Sources */,
				3A3DAB7A23D996EF007358A1 /* ContentResourceRedToWhitePIX.metal in Sources */,
				3A0156AC2334FB390002B2D9 /* EffectSingleColorShiftPIX.metal in Sources */,
				3A0156A62334FB390002B2D9 /* EffectSingleClampPIX.metal in Sources */,
				3A01569B2334FB390002B2D9 /* EffectMergerLookupPIX.metal in Sources */,
				7450349E2427822B00B0C864 /* EffectMergerLUTPIX.metal in Sources */,
				3A07AB392344CBE200D3F0CE /* NilPIX.metal in Sources */,
				3A0156A42334FB390002B2D9 /* EffectSingleChannelMixPIX.metal in Sources */,
				3A0156A02334FB390002B2D9 /* EffectMergerTimeMachinePIX.metal in Sources */,
				3A0156922334FB390002B2D9 /* ContentGeneratorPolygonPIX.metal in Sources */,
				3A07AB1D2344A11D00D3F0CE /* hsv_header.metal in Sources */,
				74D7E02F235F74860000595A /* place_header.metal in Sources */,
				3A0156C22334FB390002B2D9 /* TemplatePIX.metal in Sources */,
				3A07AB112344A11D00D3F0CE /* noise.metal in Sources */,
				3A0156A12334FB390002B2D9 /* EffectMultiArrayPIX.metal in Sources */,
				3A0156AA2334FB390002B2D9 /* EffectSingleFlarePIX.metal in Sources */,
				3A0156942334FB390002B2D9 /* ContentResourceBGRPIX.metal in Sources */,
				3A0156A82334FB390002B2D9 /* EffectSingleCropPIX.metal in Sources */,
				74AD1561248517680027C400 /* EffectMultiStackPIX.metal in Sources */,
				3A07AB0B2344A11D00D3F0CE /* QuadVTX.metal in Sources */,
				3A3A467E23DAE523008AF36F /* EffectSingleColorConvertPIX.metal in Sources */,
				3A01569A2334FB390002B2D9 /* EffectMergerDisplacePIX.metal in Sources */,
				3A01569D2334FB390002B2D9 /* EffectMergerLumaLevelsPIX.metal in Sources */,
				3A01568C2334FB390002B2D9 /* ContentGeneratorArcPIX.metal in Sources */,
				3A0156992334FB390002B2D9 /* EffectMergerCrossPIX.metal in Sources */,
				3A0156AE2334FB390002B2D9 /* EffectSingleLevelsPIX.metal in Sources */,
				3A0156A22334FB390002B2D9 /* EffectMultiBlendsPIX.metal in Sources */,
				3A01569E2334FB390002B2D9 /* EffectMergerRemapPIX.metal in Sources */,
				3A0156B62334FB390002B2D9 /* EffectSingleTransformPIX.metal in Sources */,
				3A0156A92334FB390002B2D9 /* EffectSingleEdgePIX.metal in Sources */,
				3A07AB142344A11D00D3F0CE /* random_header.metal in Sources */,
				74844E80234893D300F99875 /* EffectSingleSlicePIX.metal in Sources */,
				3A07AB1A2344A11D00D3F0CE /* noise_header.metal in Sources */,
				3A0156912334FB390002B2D9 /* ContentGeneratorNoisePIX.metal in Sources */,
				3A0156AB2334FB390002B2D9 /* EffectSingleFlipFlopPIX.metal in Sources */,
				74D7E035235F74860000595A /* blend_header.metal in Sources */,
				3A0156972334FB390002B2D9 /* ContentResourcePIX.metal in Sources */,
				3A0156B22334FB390002B2D9 /* EffectSingleSepiaPIX.metal in Sources */,
				3A0156B72334FB390002B2D9 /* EffectSingleTwirlPIX.metal in Sources */,
				74281F232486E14500D5DEB9 /* ContentResourceImagePIX.metal in Sources */,
				3A01568D2334FB390002B2D9 /* ContentGeneratorCirclePIX.metal in Sources */,
				3A0156932334FB390002B2D9 /* ContentGeneratorRectanglePIX.metal in Sources */,
				3AF42362234F55F40019B4C1 /* EffectSingleAveragePIX.metal in Sources */,
				3A01569C2334FB390002B2D9 /* EffectMergerLumaBlurPIX.metal in Sources */,
				3A07AB202344A11D00D3F0CE /* hsv.metal in Sources */,
				3A0156B32334FB390002B2D9 /* EffectSingleSharpenPIX.metal in Sources */,
				74D7E02C235F74860000595A /* place.metal in Sources */,
				3A0156B42334FB390002B2D9 /* EffectSingleSlopePIX.metal in Sources */,
				740CA9DE24862DD5002AD2A2 /* EffectMergerLumaTransformPIX.metal in Sources */,
				3A0156A32334FB390002B2D9 /* EffectSingleBlurPIX.metal in Sources */,
			);
			runOnlyForDeploymentPostprocessing = 0;
		};
		7473A668210F4FD0003CF329 /* Sources */ = {
			isa = PBXSourcesBuildPhase;
			buildActionMask = 2147483647;
			files = (
				3A7C22E62285B4660096F53C /* EffectSingleResPIX.metal in Sources */,
				3A07AB0C2344A11D00D3F0CE /* error.metal in Sources */,
				3A7C22BA2285B4660096F53C /* ContentGeneratorColorPIX.metal in Sources */,
				3ACAF5F123D8878800EC6F1D /* EffectSingleRainbowBlurPIX.metal in Sources */,
				3A7C23022285B4660096F53C /* ContentGeneratorRectanglePIX.metal in Sources */,
				3A07AB262344A47D00D3F0CE /* gradient.metal in Sources */,
				3A7C22DE2285B4660096F53C /* EffectMultiBlendsPIX.metal in Sources */,
				3A7C22CE2285B4660096F53C /* ContentGeneratorArcPIX.metal in Sources */,
				3A7C22FA2285B4660096F53C /* EffectMergerLookupPIX.metal in Sources */,
				3A7C22AA2285B4660096F53C /* EffectMergerTimeMachinePIX.metal in Sources */,
				3A7C22C42285B4660096F53C /* EffectSingleKaleidoscopePIX.metal in Sources */,
				3A07AB152344A11D00D3F0CE /* random.metal in Sources */,
				3A7C22BC2285B4660096F53C /* EffectSingleTransformPIX.metal in Sources */,
				3A7C22B42285B4660096F53C /* ContentResourcePIX.metal in Sources */,
				74D7E030235F74860000595A /* blend.metal in Sources */,
				3A7C22CA2285B4660096F53C /* EffectMergerReorderPIX.metal in Sources */,
				3A7C22CC2285B4660096F53C /* EffectSingleLevelsPIX.metal in Sources */,
				3ACAF5EA23D8806400EC6F1D /* EffectMergerLumaRainbowBlurPIX.metal in Sources */,
				3A7C23002285B4660096F53C /* ContentResourceFlipPIX.metal in Sources */,
				3A7C22F22285B4660096F53C /* EffectSingleFlipFlopPIX.metal in Sources */,
				3A7C22B22285B4660096F53C /* ContentResourceCameraPIX.metal in Sources */,
				3A07AB2A2344A72100D3F0CE /* gradient_header.metal in Sources */,
				3A7C22F42285B4660096F53C /* ContentGeneratorNoisePIX.metal in Sources */,
				3A7C22AC2285B4660096F53C /* ContentGeneratorGradientPIX.metal in Sources */,
				7450349C2427822B00B0C864 /* EffectMergerLUTPIX.metal in Sources */,
				3A7C22F82285B4660096F53C /* ContentGeneratorCirclePIX.metal in Sources */,
				3A07AB372344CBE200D3F0CE /* NilPIX.metal in Sources */,
				3A7C22D82285B4660096F53C /* EffectMergerDisplacePIX.metal in Sources */,
				3A7C22B82285B4660096F53C /* EffectMultiArrayPIX.metal in Sources */,
				3A7C22D02285B4660096F53C /* EffectSingleColorShiftPIX.metal in Sources */,
				740CA9DC24862DD5002AD2A2 /* EffectMergerLumaTransformPIX.metal in Sources */,
				3A07AB1B2344A11D00D3F0CE /* hsv_header.metal in Sources */,
				3A3A467C23DAE523008AF36F /* EffectSingleColorConvertPIX.metal in Sources */,
				74D7E02D235F74860000595A /* place_header.metal in Sources */,
				3A7C22FC2285B4660096F53C /* EffectMergerBlendPIX.metal in Sources */,
				3A07AB0F2344A11D00D3F0CE /* noise.metal in Sources */,
				3AF42360234F55F40019B4C1 /* EffectSingleAveragePIX.metal in Sources */,
				74281F212486E14500D5DEB9 /* ContentResourceImagePIX.metal in Sources */,
				3AA1666623E96E300091AE48 /* ContentResourceBackgroundPIX.metal in Sources */,
				74F39A93232E700400E3565C /* TemplatePIX.metal in Sources */,
				3A6A1D912296BDF6001BB134 /* EffectMergerLumaLevelsPIX.metal in Sources */,
				3A7C22EC2285B4660096F53C /* EffectMergerCrossPIX.metal in Sources */,
				3A7C22D42285B4660096F53C /* EffectSingleCropPIX.metal in Sources */,
				3A3DAB7823D996EF007358A1 /* ContentResourceRedToWhitePIX.metal in Sources */,
				3A07AB092344A11D00D3F0CE /* QuadVTX.metal in Sources */,
				3A7C229C2285B4660096F53C /* EffectSingleRangePIX.metal in Sources */,
				3A7C23042285B4660096F53C /* EffectSingleChromaKeyPIX.metal in Sources */,
				3A7C22E82285B4660096F53C /* EffectSingleEdgePIX.metal in Sources */,
				74181F802485791100DED071 /* EffectMergerLumaColorShiftPIX.metal in Sources */,
				3A7C22C82285B4660096F53C /* EffectSingleFlarePIX.metal in Sources */,
				3A7C22BE2285B4660096F53C /* EffectSingleTwirlPIX.metal in Sources */,
				3A7C22E42285B4660096F53C /* EffectSingleThresholdPIX.metal in Sources */,
				74AD155F248517680027C400 /* EffectMultiStackPIX.metal in Sources */,
				3A7C22A42285B4660096F53C /* EffectSingleSharpenPIX.metal in Sources */,
				3A7C22FE2285B4660096F53C /* EffectSingleSepiaPIX.metal in Sources */,
				3A7C22A22285B4660096F53C /* EffectSingleChannelMixPIX.metal in Sources */,
				3A07AB122344A11D00D3F0CE /* random_header.metal in Sources */,
				74844E7E234893D300F99875 /* EffectSingleSlicePIX.metal in Sources */,
				3A07AB182344A11D00D3F0CE /* noise_header.metal in Sources */,
				3A7C22C22285B4660096F53C /* EffectSingleSlopePIX.metal in Sources */,
				74D7E033235F74860000595A /* blend_header.metal in Sources */,
				3A7C22DC2285B4660096F53C /* EffectMergerRemapPIX.metal in Sources */,
				3A7C22B62285B4660096F53C /* ContentGeneratorPolygonPIX.metal in Sources */,
				3A7C22EA2285B4660096F53C /* EffectSingleClampPIX.metal in Sources */,
				3A7C22B02285B4660096F53C /* EffectSingleConvertPIX.metal in Sources */,
				3A7C22E02285B4660096F53C /* SpritePIX.metal in Sources */,
				3A7C22A82285B4660096F53C /* EffectMergerLumaBlurPIX.metal in Sources */,
				3A7C22C62285B4660096F53C /* ContentResourceBGRPIX.metal in Sources */,
				3A07AB1E2344A11D00D3F0CE /* hsv.metal in Sources */,
				3A7C22C02285B4660096F53C /* ContentGeneratorLinePIX.metal in Sources */,
				74D7E02A235F74860000595A /* place.metal in Sources */,
				3A7C22AE2285B4660096F53C /* EffectSingleQuantizePIX.metal in Sources */,
				3A7C22F62285B4660096F53C /* EffectSingleBlurPIX.metal in Sources */,
			);
			runOnlyForDeploymentPostprocessing = 0;
		};
		74E9F6C52193813800F541DE /* Sources */ = {
			isa = PBXSourcesBuildPhase;
			buildActionMask = 2147483647;
			files = (
				3A7C22E72285B4660096F53C /* EffectSingleResPIX.metal in Sources */,
				3A07AB0D2344A11D00D3F0CE /* error.metal in Sources */,
				3A7C22BB2285B4660096F53C /* ContentGeneratorColorPIX.metal in Sources */,
				3ACAF5F223D8878800EC6F1D /* EffectSingleRainbowBlurPIX.metal in Sources */,
				3A7C23032285B4660096F53C /* ContentGeneratorRectanglePIX.metal in Sources */,
				3A07AB272344A47D00D3F0CE /* gradient.metal in Sources */,
				3A7C22DF2285B4660096F53C /* EffectMultiBlendsPIX.metal in Sources */,
				3A7C22CF2285B4660096F53C /* ContentGeneratorArcPIX.metal in Sources */,
				3A7C22FB2285B4660096F53C /* EffectMergerLookupPIX.metal in Sources */,
				3A7C22AB2285B4660096F53C /* EffectMergerTimeMachinePIX.metal in Sources */,
				3A7C22C52285B4660096F53C /* EffectSingleKaleidoscopePIX.metal in Sources */,
				3A07AB162344A11D00D3F0CE /* random.metal in Sources */,
				3A7C22BD2285B4660096F53C /* EffectSingleTransformPIX.metal in Sources */,
				3A7C22B52285B4660096F53C /* ContentResourcePIX.metal in Sources */,
				74D7E031235F74860000595A /* blend.metal in Sources */,
				3A7C22CB2285B4660096F53C /* EffectMergerReorderPIX.metal in Sources */,
				3A7C22CD2285B4660096F53C /* EffectSingleLevelsPIX.metal in Sources */,
				3ACAF5EB23D8806400EC6F1D /* EffectMergerLumaRainbowBlurPIX.metal in Sources */,
				3A7C23012285B4660096F53C /* ContentResourceFlipPIX.metal in Sources */,
				3A7C22F32285B4660096F53C /* EffectSingleFlipFlopPIX.metal in Sources */,
				3A7C22B32285B4660096F53C /* ContentResourceCameraPIX.metal in Sources */,
				3A07AB2B2344A72100D3F0CE /* gradient_header.metal in Sources */,
				3A7C22F52285B4660096F53C /* ContentGeneratorNoisePIX.metal in Sources */,
				3A7C22AD2285B4660096F53C /* ContentGeneratorGradientPIX.metal in Sources */,
				7450349D2427822B00B0C864 /* EffectMergerLUTPIX.metal in Sources */,
				3A7C22F92285B4660096F53C /* ContentGeneratorCirclePIX.metal in Sources */,
				3A07AB382344CBE200D3F0CE /* NilPIX.metal in Sources */,
				3A7C22D92285B4660096F53C /* EffectMergerDisplacePIX.metal in Sources */,
				3A7C22B92285B4660096F53C /* EffectMultiArrayPIX.metal in Sources */,
				3A7C22D12285B4660096F53C /* EffectSingleColorShiftPIX.metal in Sources */,
				740CA9DD24862DD5002AD2A2 /* EffectMergerLumaTransformPIX.metal in Sources */,
				3A07AB1C2344A11D00D3F0CE /* hsv_header.metal in Sources */,
				3A3A467D23DAE523008AF36F /* EffectSingleColorConvertPIX.metal in Sources */,
				74D7E02E235F74860000595A /* place_header.metal in Sources */,
				3A7C22FD2285B4660096F53C /* EffectMergerBlendPIX.metal in Sources */,
				3A07AB102344A11D00D3F0CE /* noise.metal in Sources */,
				74F39A94232E700400E3565C /* TemplatePIX.metal in Sources */,
				74281F222486E14500D5DEB9 /* ContentResourceImagePIX.metal in Sources */,
				3AA1666723E96E300091AE48 /* ContentResourceBackgroundPIX.metal in Sources */,
				3A6A1D922296BDF6001BB134 /* EffectMergerLumaLevelsPIX.metal in Sources */,
				3A7C22ED2285B4660096F53C /* EffectMergerCrossPIX.metal in Sources */,
				3A7C22D52285B4660096F53C /* EffectSingleCropPIX.metal in Sources */,
				3A07AB0A2344A11D00D3F0CE /* QuadVTX.metal in Sources */,
				3A3DAB7923D996EF007358A1 /* ContentResourceRedToWhitePIX.metal in Sources */,
				3A7C229D2285B4660096F53C /* EffectSingleRangePIX.metal in Sources */,
				3A7C23052285B4660096F53C /* EffectSingleChromaKeyPIX.metal in Sources */,
				3A7C22E92285B4660096F53C /* EffectSingleEdgePIX.metal in Sources */,
				3A7C22C92285B4660096F53C /* EffectSingleFlarePIX.metal in Sources */,
				74181F812485791100DED071 /* EffectMergerLumaColorShiftPIX.metal in Sources */,
				3A7C22BF2285B4660096F53C /* EffectSingleTwirlPIX.metal in Sources */,
				3A7C22E52285B4660096F53C /* EffectSingleThresholdPIX.metal in Sources */,
				3A7C22A52285B4660096F53C /* EffectSingleSharpenPIX.metal in Sources */,
				74AD1560248517680027C400 /* EffectMultiStackPIX.metal in Sources */,
				3A7C22FF2285B4660096F53C /* EffectSingleSepiaPIX.metal in Sources */,
				3A7C22A32285B4660096F53C /* EffectSingleChannelMixPIX.metal in Sources */,
				3A07AB132344A11D00D3F0CE /* random_header.metal in Sources */,
				74844E7F234893D300F99875 /* EffectSingleSlicePIX.metal in Sources */,
				3A07AB192344A11D00D3F0CE /* noise_header.metal in Sources */,
				3A7C22C32285B4660096F53C /* EffectSingleSlopePIX.metal in Sources */,
				3A7C22DD2285B4660096F53C /* EffectMergerRemapPIX.metal in Sources */,
				74D7E034235F74860000595A /* blend_header.metal in Sources */,
				3A7C22B72285B4660096F53C /* ContentGeneratorPolygonPIX.metal in Sources */,
				3A7C22EB2285B4660096F53C /* EffectSingleClampPIX.metal in Sources */,
				3A7C22B12285B4660096F53C /* EffectSingleConvertPIX.metal in Sources */,
				3A7C22E12285B4660096F53C /* SpritePIX.metal in Sources */,
				3A7C22A92285B4660096F53C /* EffectMergerLumaBlurPIX.metal in Sources */,
				3AF42361234F55F40019B4C1 /* EffectSingleAveragePIX.metal in Sources */,
				3A7C22C72285B4660096F53C /* ContentResourceBGRPIX.metal in Sources */,
				3A07AB1F2344A11D00D3F0CE /* hsv.metal in Sources */,
				3A7C22C12285B4660096F53C /* ContentGeneratorLinePIX.metal in Sources */,
				74D7E02B235F74860000595A /* place.metal in Sources */,
				3A7C22AF2285B4660096F53C /* EffectSingleQuantizePIX.metal in Sources */,
				3A7C22F72285B4660096F53C /* EffectSingleBlurPIX.metal in Sources */,
			);
			runOnlyForDeploymentPostprocessing = 0;
		};
/* End PBXSourcesBuildPhase section */

/* Begin XCBuildConfiguration section */
		3A3756482334FAE200D90172 /* Debug */ = {
			isa = XCBuildConfiguration;
			buildSettings = {
				ALWAYS_SEARCH_USER_PATHS = NO;
				CODE_SIGN_STYLE = Automatic;
				DEVELOPMENT_TEAM = 2QHTY6FMW2;
				MTL_FAST_MATH = YES;
				PRODUCT_NAME = "$(TARGET_NAME)";
				SDKROOT = appletvos;
				TVOS_DEPLOYMENT_TARGET = 13.0;
			};
			name = Debug;
		};
		3A3756492334FAE200D90172 /* Release */ = {
			isa = XCBuildConfiguration;
			buildSettings = {
				ALWAYS_SEARCH_USER_PATHS = NO;
				CODE_SIGN_STYLE = Automatic;
				DEVELOPMENT_TEAM = 2QHTY6FMW2;
				MTL_FAST_MATH = YES;
				PRODUCT_NAME = "$(TARGET_NAME)";
				SDKROOT = appletvos;
				TVOS_DEPLOYMENT_TARGET = 13.0;
			};
			name = Release;
		};
		7473A66F210F4FD0003CF329 /* Debug */ = {
			isa = XCBuildConfiguration;
			buildSettings = {
				IPHONEOS_DEPLOYMENT_TARGET = 11.0;
				MTL_ENABLE_DEBUG_INFO = INCLUDE_SOURCE;
				SDKROOT = iphoneos;
			};
			name = Debug;
		};
		7473A670210F4FD0003CF329 /* Release */ = {
			isa = XCBuildConfiguration;
			buildSettings = {
				IPHONEOS_DEPLOYMENT_TARGET = 11.0;
				MTL_ENABLE_DEBUG_INFO = NO;
				SDKROOT = iphoneos;
			};
			name = Release;
		};
		7473A672210F4FD0003CF329 /* Debug */ = {
			isa = XCBuildConfiguration;
			buildSettings = {
				ALWAYS_SEARCH_USER_PATHS = NO;
				CODE_SIGN_STYLE = Automatic;
				DEVELOPMENT_TEAM = 2QHTY6FMW2;
				IPHONEOS_DEPLOYMENT_TARGET = 11.0;
				MTL_ENABLE_DEBUG_INFO = NO;
				PRODUCT_NAME = "$(TARGET_NAME)";
				SDKROOT = iphoneos;
				STRIP_STYLE = debugging;
				STRIP_SWIFT_SYMBOLS = NO;
				SUPPORTED_PLATFORMS = "iphonesimulator iphoneos macosx";
				TARGETED_DEVICE_FAMILY = "1,2";
				VALID_ARCHS = "arm64 i386 x86_64";
			};
			name = Debug;
		};
		7473A673210F4FD0003CF329 /* Release */ = {
			isa = XCBuildConfiguration;
			buildSettings = {
				ALWAYS_SEARCH_USER_PATHS = NO;
				CODE_SIGN_STYLE = Automatic;
				DEVELOPMENT_TEAM = 2QHTY6FMW2;
				IPHONEOS_DEPLOYMENT_TARGET = 11.0;
				PRODUCT_NAME = "$(TARGET_NAME)";
				SDKROOT = iphoneos;
				STRIP_STYLE = debugging;
				STRIP_SWIFT_SYMBOLS = NO;
				SUPPORTED_PLATFORMS = "iphonesimulator iphoneos macosx";
				TARGETED_DEVICE_FAMILY = "1,2";
				VALID_ARCHS = "arm64 i386 x86_64";
			};
			name = Release;
		};
		74E9F6CC2193813800F541DE /* Debug */ = {
			isa = XCBuildConfiguration;
			buildSettings = {
				ALWAYS_SEARCH_USER_PATHS = NO;
				CODE_SIGN_IDENTITY = "-";
				CODE_SIGN_STYLE = Automatic;
				DEVELOPMENT_TEAM = 2QHTY6FMW2;
				MACOSX_DEPLOYMENT_TARGET = 10.13;
				MTL_FAST_MATH = YES;
				PRODUCT_NAME = "$(TARGET_NAME)";
				SDKROOT = macosx;
			};
			name = Debug;
		};
		74E9F6CD2193813800F541DE /* Release */ = {
			isa = XCBuildConfiguration;
			buildSettings = {
				ALWAYS_SEARCH_USER_PATHS = NO;
				CODE_SIGN_IDENTITY = "-";
				CODE_SIGN_STYLE = Automatic;
				DEVELOPMENT_TEAM = 2QHTY6FMW2;
				MACOSX_DEPLOYMENT_TARGET = 10.13;
				MTL_FAST_MATH = YES;
				PRODUCT_NAME = "$(TARGET_NAME)";
				SDKROOT = macosx;
			};
			name = Release;
		};
/* End XCBuildConfiguration section */

/* Begin XCConfigurationList section */
		3A37564A2334FAE200D90172 /* Build configuration list for PBXNativeTarget "PixelKitShaders-tvOS" */ = {
			isa = XCConfigurationList;
			buildConfigurations = (
				3A3756482334FAE200D90172 /* Debug */,
				3A3756492334FAE200D90172 /* Release */,
			);
			defaultConfigurationIsVisible = 0;
			defaultConfigurationName = Release;
		};
		7473A667210F4FD0003CF329 /* Build configuration list for PBXProject "PixelKitShaders" */ = {
			isa = XCConfigurationList;
			buildConfigurations = (
				7473A66F210F4FD0003CF329 /* Debug */,
				7473A670210F4FD0003CF329 /* Release */,
			);
			defaultConfigurationIsVisible = 0;
			defaultConfigurationName = Release;
		};
		7473A671210F4FD0003CF329 /* Build configuration list for PBXNativeTarget "PixelKitShaders" */ = {
			isa = XCConfigurationList;
			buildConfigurations = (
				7473A672210F4FD0003CF329 /* Debug */,
				7473A673210F4FD0003CF329 /* Release */,
			);
			defaultConfigurationIsVisible = 0;
			defaultConfigurationName = Release;
		};
		74E9F6CB2193813800F541DE /* Build configuration list for PBXNativeTarget "PixelKitShaders-macOS" */ = {
			isa = XCConfigurationList;
			buildConfigurations = (
				74E9F6CC2193813800F541DE /* Debug */,
				74E9F6CD2193813800F541DE /* Release */,
			);
			defaultConfigurationIsVisible = 0;
			defaultConfigurationName = Release;
		};
/* End XCConfigurationList section */
	};
	rootObject = 7473A664210F4FD0003CF329 /* Project object */;
}
