{
  "object": {
    "pins": [
      {
        "package": "CoreGraphicsExtensions",
        "repositoryURL": "https://github.com/heestand-xyz/CoreGraphicsExtensions",
        "state": {
          "branch": null,
          "revision": "3e6f28cf2bbc7fca9933fd4addd60d21a00c83b7",
          "version": "1.3.2"
        }
      },
      {
        "package": "PixelColor",
        "repositoryURL": "https://github.com/heestand-xyz/PixelColor",
        "state": {
          "branch": null,
          "revision": "04d2444fc288edc5fa5cbfd85bbbc9128b63e6db",
          "version": "1.3.4"
        }
      },
      {
        "package": "Resolution",
        "repositoryURL": "https://github.com/heestand-xyz/Resolution",
        "state": {
          "branch": null,
          "revision": "0fdee03d7b312f075897cdac437f366cc6631d6a",
          "version": "1.0.4"
        }
      },
      {
        "package": "TextureMap",
        "repositoryURL": "https://github.com/heestand-xyz/TextureMap",
        "state": {
          "branch": null,
          "revision": "8547548f43dbeca79a13147e3db6097e0db91ce8",
          "version": "0.6.0"
        }
      }
    ]
  },
  "version": 1
}
