{
  "object": {
    "pins": [
      {
        "package": "Resolution",
        "repositoryURL": "https://github.com/heestand-xyz/Resolution",
        "state": {
          "branch": null,
          "revision": "3c3dc0cde53f26518b8de90be8df55a4f67bb0e5",
          "version": "1.0.0"
        }
      }
    ]
  },
  "version": 1
}
