// !$*UTF8*$!
{
	archiveVersion = 1;
	classes = {
	};
	objectVersion = 52;
	objects = {

/* Begin PBXBuildFile section */
		748CB48E249E443600460A84 /* PixelKitShaders-macOS.metallib in CopyFiles */ = {isa = PBXBuildFile; fileRef = 74E9F6C72193813800F541DE /* PixelKitShaders-macOS.metallib */; };
		74AABA9724896DD900E8757C /* PixelKitShaders.metallib in CopyFiles */ = {isa = PBXBuildFile; fileRef = 7473A66A210F4FD0003CF329 /* PixelKitShaders.metallib */; platformFilter = ios; };
/* End PBXBuildFile section */

/* Begin PBXCopyFilesBuildPhase section */
		748CB48D249E442F00460A84 /* CopyFiles */ = {
			isa = PBXCopyFilesBuildPhase;
			buildActionMask = 2147483647;
			dstPath = "/Users/hexagons/Code/Frameworks/Swift/PixelKit/Resources/Metal Libs";
			dstSubfolderSpec = 0;
			files = (
				748CB48E249E443600460A84 /* PixelKitShaders-macOS.metallib in CopyFiles */,
			);
			runOnlyForDeploymentPostprocessing = 0;
		};
		74AABA9624896DC100E8757C /* CopyFiles */ = {
			isa = PBXCopyFilesBuildPhase;
			buildActionMask = 12;
			dstPath = "/Users/hexagons/Code/Frameworks/Swift/PixelKit/Resources/Metal Libs";
			dstSubfolderSpec = 0;
			files = (
				74AABA9724896DD900E8757C /* PixelKitShaders.metallib in CopyFiles */,
			);
			runOnlyForDeploymentPostprocessing = 0;
		};
/* End PBXCopyFilesBuildPhase section */

/* Begin PBXFileReference section */
		3AADFBFC24A8D24E00EFFCC8 /* Shaders */ = {isa = PBXFileReference; lastKnownFileType = folder; path = Shaders; sourceTree = "<group>"; };
		7473A66A210F4FD0003CF329 /* PixelKitShaders.metallib */ = {isa = PBXFileReference; includeInIndex = 0; lastKnownFileType = "archive.metal-library"; path = PixelKitShaders.metallib; sourceTree = BUILT_PRODUCTS_DIR; };
		74E9F6C72193813800F541DE /* PixelKitShaders-macOS.metallib */ = {isa = PBXFileReference; explicitFileType = "archive.metal-library"; includeInIndex = 0; path = "PixelKitShaders-macOS.metallib"; sourceTree = BUILT_PRODUCTS_DIR; };
/* End PBXFileReference section */

/* Begin PBXGroup section */
		7473A663210F4FD0003CF329 = {
			isa = PBXGroup;
			children = (
				3AADFBFC24A8D24E00EFFCC8 /* Shaders */,
				7473A66B210F4FD0003CF329 /* Products */,
			);
			sourceTree = "<group>";
		};
		7473A66B210F4FD0003CF329 /* Products */ = {
			isa = PBXGroup;
			children = (
				7473A66A210F4FD0003CF329 /* PixelKitShaders.metallib */,
				74E9F6C72193813800F541DE /* PixelKitShaders-macOS.metallib */,
			);
			name = Products;
			sourceTree = "<group>";
		};
/* End PBXGroup section */

/* Begin PBXNativeTarget section */
		3A3756442334FAE200D90172 /* PixelKitShaders-tvOS */ = {
			isa = PBXNativeTarget;
			buildConfigurationList = 3A37564A2334FAE200D90172 /* Build configuration list for PBXNativeTarget "PixelKitShaders-tvOS" */;
			buildPhases = (
				3A3756432334FAE200D90172 /* Sources */,
			);
			buildRules = (
			);
			dependencies = (
			);
			name = "PixelKitShaders-tvOS";
			productName = "PixelKitShaders-tvOS";
			productType = "com.apple.product-type.metal-library";
		};
		7473A669210F4FD0003CF329 /* PixelKitShaders */ = {
			isa = PBXNativeTarget;
			buildConfigurationList = 7473A671210F4FD0003CF329 /* Build configuration list for PBXNativeTarget "PixelKitShaders" */;
			buildPhases = (
				7473A668210F4FD0003CF329 /* Sources */,
				74AABA9624896DC100E8757C /* CopyFiles */,
				74AABA9824896E8400E8757C /* ShellScript */,
			);
			buildRules = (
			);
			dependencies = (
			);
			name = PixelKitShaders;
			productName = PixelsShaders;
			productReference = 7473A66A210F4FD0003CF329 /* PixelKitShaders.metallib */;
			productType = "com.apple.product-type.metal-library";
		};
		74E9F6C62193813800F541DE /* PixelKitShaders-macOS */ = {
			isa = PBXNativeTarget;
			buildConfigurationList = 74E9F6CB2193813800F541DE /* Build configuration list for PBXNativeTarget "PixelKitShaders-macOS" */;
			buildPhases = (
				74E9F6C52193813800F541DE /* Sources */,
				748CB48D249E442F00460A84 /* CopyFiles */,
			);
			buildRules = (
			);
			dependencies = (
			);
			name = "PixelKitShaders-macOS";
			productName = "PixelsShaders-macOS";
			productReference = 74E9F6C72193813800F541DE /* PixelKitShaders-macOS.metallib */;
			productType = "com.apple.product-type.metal-library";
		};
/* End PBXNativeTarget section */

/* Begin PBXProject section */
		7473A664210F4FD0003CF329 /* Project object */ = {
			isa = PBXProject;
			attributes = {
				LastUpgradeCheck = 1000;
				ORGANIZATIONNAME = Hexagons;
				TargetAttributes = {
					3A3756442334FAE200D90172 = {
						CreatedOnToolsVersion = 11.0;
					};
					7473A669210F4FD0003CF329 = {
						CreatedOnToolsVersion = 10.0;
					};
					74E9F6C62193813800F541DE = {
						CreatedOnToolsVersion = 10.1;
					};
				};
			};
			buildConfigurationList = 7473A667210F4FD0003CF329 /* Build configuration list for PBXProject "PixelKitShaders" */;
			compatibilityVersion = "Xcode 9.3";
			developmentRegion = en;
			hasScannedForEncodings = 0;
			knownRegions = (
				en,
			);
			mainGroup = 7473A663210F4FD0003CF329;
			productRefGroup = 7473A66B210F4FD0003CF329 /* Products */;
			projectDirPath = "";
			projectRoot = "";
			targets = (
				7473A669210F4FD0003CF329 /* PixelKitShaders */,
				74E9F6C62193813800F541DE /* PixelKitShaders-macOS */,
				3A3756442334FAE200D90172 /* PixelKitShaders-tvOS */,
			);
		};
/* End PBXProject section */

/* Begin PBXShellScriptBuildPhase section */
		74AABA9824896E8400E8757C /* ShellScript */ = {
			isa = PBXShellScriptBuildPhase;
			buildActionMask = 2147483647;
			files = (
			);
			inputFileListPaths = (
			);
			inputPaths = (
			);
			outputFileListPaths = (
			);
			outputPaths = (
			);
			runOnlyForDeploymentPostprocessing = 0;
			shellPath = /bin/sh;
			shellScript = "mv \"/Users/hexagons/Code/Frameworks/Swift/PixelKit/Resources/Metal Libs/PixelKitShaders.metallib\" \"/Users/hexagons/Code/Frameworks/Swift/PixelKit/Resources/Metal Libs/PixelKitShaders-iOS.metallib\"\n";
		};
/* End PBXShellScriptBuildPhase section */

/* Begin PBXSourcesBuildPhase section */
		3A3756432334FAE200D90172 /* Sources */ = {
			isa = PBXSourcesBuildPhase;
			buildActionMask = 2147483647;
			files = (
			);
			runOnlyForDeploymentPostprocessing = 0;
		};
		7473A668210F4FD0003CF329 /* Sources */ = {
			isa = PBXSourcesBuildPhase;
			buildActionMask = 2147483647;
			files = (
			);
			runOnlyForDeploymentPostprocessing = 0;
		};
		74E9F6C52193813800F541DE /* Sources */ = {
			isa = PBXSourcesBuildPhase;
			buildActionMask = 2147483647;
			files = (
			);
			runOnlyForDeploymentPostprocessing = 0;
		};
/* End PBXSourcesBuildPhase section */

/* Begin XCBuildConfiguration section */
		3A3756482334FAE200D90172 /* Debug */ = {
			isa = XCBuildConfiguration;
			buildSettings = {
				ALWAYS_SEARCH_USER_PATHS = NO;
				CODE_SIGN_STYLE = Automatic;
				DEVELOPMENT_TEAM = 2QHTY6FMW2;
				MTL_FAST_MATH = YES;
				PRODUCT_NAME = "$(TARGET_NAME)";
				SDKROOT = appletvos;
				TVOS_DEPLOYMENT_TARGET = 13.0;
			};
			name = Debug;
		};
		3A3756492334FAE200D90172 /* Release */ = {
			isa = XCBuildConfiguration;
			buildSettings = {
				ALWAYS_SEARCH_USER_PATHS = NO;
				CODE_SIGN_STYLE = Automatic;
				DEVELOPMENT_TEAM = 2QHTY6FMW2;
				MTL_FAST_MATH = YES;
				PRODUCT_NAME = "$(TARGET_NAME)";
				SDKROOT = appletvos;
				TVOS_DEPLOYMENT_TARGET = 13.0;
			};
			name = Release;
		};
		7473A66F210F4FD0003CF329 /* Debug */ = {
			isa = XCBuildConfiguration;
			buildSettings = {
				IPHONEOS_DEPLOYMENT_TARGET = 11.0;
				MTL_ENABLE_DEBUG_INFO = INCLUDE_SOURCE;
				SDKROOT = iphoneos;
			};
			name = Debug;
		};
		7473A670210F4FD0003CF329 /* Release */ = {
			isa = XCBuildConfiguration;
			buildSettings = {
				IPHONEOS_DEPLOYMENT_TARGET = 11.0;
				MTL_ENABLE_DEBUG_INFO = NO;
				SDKROOT = iphoneos;
			};
			name = Release;
		};
		7473A672210F4FD0003CF329 /* Debug */ = {
			isa = XCBuildConfiguration;
			buildSettings = {
				ALWAYS_SEARCH_USER_PATHS = NO;
				CODE_SIGN_STYLE = Automatic;
				DEVELOPMENT_TEAM = 2QHTY6FMW2;
				IPHONEOS_DEPLOYMENT_TARGET = 11.0;
				MTL_ENABLE_DEBUG_INFO = NO;
				PRODUCT_NAME = "$(TARGET_NAME)";
				SDKROOT = iphoneos;
				STRIP_STYLE = debugging;
				STRIP_SWIFT_SYMBOLS = NO;
				SUPPORTED_PLATFORMS = "iphonesimulator iphoneos macosx";
				TARGETED_DEVICE_FAMILY = "1,2";
				VALID_ARCHS = "arm64 i386 x86_64";
			};
			name = Debug;
		};
		7473A673210F4FD0003CF329 /* Release */ = {
			isa = XCBuildConfiguration;
			buildSettings = {
				ALWAYS_SEARCH_USER_PATHS = NO;
				CODE_SIGN_STYLE = Automatic;
				DEVELOPMENT_TEAM = 2QHTY6FMW2;
				IPHONEOS_DEPLOYMENT_TARGET = 11.0;
				PRODUCT_NAME = "$(TARGET_NAME)";
				SDKROOT = iphoneos;
				STRIP_STYLE = debugging;
				STRIP_SWIFT_SYMBOLS = NO;
				SUPPORTED_PLATFORMS = "iphonesimulator iphoneos macosx";
				TARGETED_DEVICE_FAMILY = "1,2";
				VALID_ARCHS = "arm64 i386 x86_64";
			};
			name = Release;
		};
		74E9F6CC2193813800F541DE /* Debug */ = {
			isa = XCBuildConfiguration;
			buildSettings = {
				ALWAYS_SEARCH_USER_PATHS = NO;
				CODE_SIGN_IDENTITY = "-";
				CODE_SIGN_STYLE = Automatic;
				DEVELOPMENT_TEAM = 2QHTY6FMW2;
				MACOSX_DEPLOYMENT_TARGET = 10.13;
				MTL_FAST_MATH = YES;
				PRODUCT_NAME = "$(TARGET_NAME)";
				SDKROOT = macosx;
			};
			name = Debug;
		};
		74E9F6CD2193813800F541DE /* Release */ = {
			isa = XCBuildConfiguration;
			buildSettings = {
				ALWAYS_SEARCH_USER_PATHS = NO;
				CODE_SIGN_IDENTITY = "-";
				CODE_SIGN_STYLE = Automatic;
				DEVELOPMENT_TEAM = 2QHTY6FMW2;
				MACOSX_DEPLOYMENT_TARGET = 10.13;
				MTL_FAST_MATH = YES;
				PRODUCT_NAME = "$(TARGET_NAME)";
				SDKROOT = macosx;
			};
			name = Release;
		};
/* End XCBuildConfiguration section */

/* Begin XCConfigurationList section */
		3A37564A2334FAE200D90172 /* Build configuration list for PBXNativeTarget "PixelKitShaders-tvOS" */ = {
			isa = XCConfigurationList;
			buildConfigurations = (
				3A3756482334FAE200D90172 /* Debug */,
				3A3756492334FAE200D90172 /* Release */,
			);
			defaultConfigurationIsVisible = 0;
			defaultConfigurationName = Release;
		};
		7473A667210F4FD0003CF329 /* Build configuration list for PBXProject "PixelKitShaders" */ = {
			isa = XCConfigurationList;
			buildConfigurations = (
				7473A66F210F4FD0003CF329 /* Debug */,
				7473A670210F4FD0003CF329 /* Release */,
			);
			defaultConfigurationIsVisible = 0;
			defaultConfigurationName = Release;
		};
		7473A671210F4FD0003CF329 /* Build configuration list for PBXNativeTarget "PixelKitShaders" */ = {
			isa = XCConfigurationList;
			buildConfigurations = (
				7473A672210F4FD0003CF329 /* Debug */,
				7473A673210F4FD0003CF329 /* Release */,
			);
			defaultConfigurationIsVisible = 0;
			defaultConfigurationName = Release;
		};
		74E9F6CB2193813800F541DE /* Build configuration list for PBXNativeTarget "PixelKitShaders-macOS" */ = {
			isa = XCConfigurationList;
			buildConfigurations = (
				74E9F6CC2193813800F541DE /* Debug */,
				74E9F6CD2193813800F541DE /* Release */,
			);
			defaultConfigurationIsVisible = 0;
			defaultConfigurationName = Release;
		};
/* End XCConfigurationList section */
	};
	rootObject = 7473A664210F4FD0003CF329 /* Project object */;
}
